// !$*UTF8*$!
{
	archiveVersion = 1;
	classes = {
	};
	objectVersion = 46;
	objects = {

/* Begin PBXBuildFile section */
		941DB0AD1471B32D00A96B8B /* UIKit.framework in Frameworks */ = {isa = PBXBuildFile; fileRef = 941DB0AC1471B32D00A96B8B /* UIKit.framework */; };
		941DB0AF1471B32D00A96B8B /* Foundation.framework in Frameworks */ = {isa = PBXBuildFile; fileRef = 941DB0AE1471B32D00A96B8B /* Foundation.framework */; };
		941DB0B11471B32D00A96B8B /* CoreGraphics.framework in Frameworks */ = {isa = PBXBuildFile; fileRef = 941DB0B01471B32D00A96B8B /* CoreGraphics.framework */; };
		941DB0B71471B32D00A96B8B /* InfoPlist.strings in Resources */ = {isa = PBXBuildFile; fileRef = 941DB0B51471B32D00A96B8B /* InfoPlist.strings */; };
		941DB0B91471B32D00A96B8B /* main.m in Sources */ = {isa = PBXBuildFile; fileRef = 941DB0B81471B32D00A96B8B /* main.m */; };
		941DB0BD1471B32D00A96B8B /* HRAppDelegate.m in Sources */ = {isa = PBXBuildFile; fileRef = 941DB0BC1471B32D00A96B8B /* HRAppDelegate.m */; };
		941DB0C01471B32D00A96B8B /* MainStoryboard_iPhone.storyboard in Resources */ = {isa = PBXBuildFile; fileRef = 941DB0BE1471B32D00A96B8B /* MainStoryboard_iPhone.storyboard */; };
		941DB0C31471B32D00A96B8B /* MainStoryboard_iPad.storyboard in Resources */ = {isa = PBXBuildFile; fileRef = 941DB0C11471B32D00A96B8B /* MainStoryboard_iPad.storyboard */; };
		941DB0C61471B32D00A96B8B /* HRMasterViewController.m in Sources */ = {isa = PBXBuildFile; fileRef = 941DB0C51471B32D00A96B8B /* HRMasterViewController.m */; };
		941DB0C91471B32D00A96B8B /* HRDetailViewController.m in Sources */ = {isa = PBXBuildFile; fileRef = 941DB0C81471B32D00A96B8B /* HRDetailViewController.m */; };
		9424C15C147AD9C0008BF5CE /* hReader_Logo_34x150.png in Resources */ = {isa = PBXBuildFile; fileRef = 9424C15B147AD9C0008BF5CE /* hReader_Logo_34x150.png */; };
		944A2F2D1472C62300694816 /* handmadepaper.png in Resources */ = {isa = PBXBuildFile; fileRef = 944A2F2C1472C62300694816 /* handmadepaper.png */; };
		9464C58314769E190076B991 /* hReader_icon_72x72.png in Resources */ = {isa = PBXBuildFile; fileRef = 9464C58214769E190076B991 /* hReader_icon_72x72.png */; };
		9464C5871476BDAE0076B991 /* Johnny_Smith_96.xml in Resources */ = {isa = PBXBuildFile; fileRef = 9464C5851476BDAE0076B991 /* Johnny_Smith_96.xml */; };
		9464C5881476BDAE0076B991 /* Johnny_Smith_96.html in Resources */ = {isa = PBXBuildFile; fileRef = 9464C5861476BDAE0076B991 /* Johnny_Smith_96.html */; };
		9464C58C1476CB4F0076B991 /* C32ViewController.m in Sources */ = {isa = PBXBuildFile; fileRef = 9464C58B1476CB4F0076B991 /* C32ViewController.m */; };
		94AEAE0414841CEB00C005B2 /* TimelineViewController.m in Sources */ = {isa = PBXBuildFile; fileRef = 94AEAE0214841CEB00C005B2 /* TimelineViewController.m */; };
		94AEAE0514841CEB00C005B2 /* TimelineViewController.xib in Resources */ = {isa = PBXBuildFile; fileRef = 94AEAE0314841CEB00C005B2 /* TimelineViewController.xib */; };
		94AEAE0914868BC200C005B2 /* HRRootViewController.m in Sources */ = {isa = PBXBuildFile; fileRef = 94AEAE0814868BC200C005B2 /* HRRootViewController.m */; };
		94AEAE10148690DA00C005B2 /* HRPatientSummaryViewController.m in Sources */ = {isa = PBXBuildFile; fileRef = 94AEAE0E148690DA00C005B2 /* HRPatientSummaryViewController.m */; };
		94AEAE11148690DA00C005B2 /* HRPatientSummaryViewController.xib in Resources */ = {isa = PBXBuildFile; fileRef = 94AEAE0F148690DA00C005B2 /* HRPatientSummaryViewController.xib */; };
		94C5ECF51472F448009FE38D /* PatientDetailsTableViewController.m in Sources */ = {isa = PBXBuildFile; fileRef = 94C5ECF41472F448009FE38D /* PatientDetailsTableViewController.m */; };
		94E3BB511472C95800E05D4D /* PatientSummaryViewController.m in Sources */ = {isa = PBXBuildFile; fileRef = 94E3BB501472C95800E05D4D /* PatientSummaryViewController.m */; };
		94E3BB571472CD2000E05D4D /* father.png in Resources */ = {isa = PBXBuildFile; fileRef = 94E3BB561472CD2000E05D4D /* father.png */; };
		DD124DAE148D3EF300E23A44 /* Doctor.png in Resources */ = {isa = PBXBuildFile; fileRef = DD124DAD148D3EF300E23A44 /* Doctor.png */; };
		DD19173B148FDDBD00B87AAF /* HRPatientSwipeViewController.m in Sources */ = {isa = PBXBuildFile; fileRef = DD19173A148FDDBD00B87AAF /* HRPatientSwipeViewController.m */; };
		DD19173F148FDEBB00B87AAF /* HRPatient.m in Sources */ = {isa = PBXBuildFile; fileRef = DD19173E148FDEBB00B87AAF /* HRPatient.m */; };
		DD191741148FEE8E00B87AAF /* HRPatientSwipeViewController.xib in Resources */ = {isa = PBXBuildFile; fileRef = DD191740148FEE8E00B87AAF /* HRPatientSwipeViewController.xib */; };
		DD5597C114897DE2006A0D1D /* HRDoctorsViewController.m in Sources */ = {isa = PBXBuildFile; fileRef = DD5597BF14897DE2006A0D1D /* HRDoctorsViewController.m */; };
		DD5597C214897DE2006A0D1D /* HRDoctorsViewController.xib in Resources */ = {isa = PBXBuildFile; fileRef = DD5597C014897DE2006A0D1D /* HRDoctorsViewController.xib */; };
		DD695D7C1489439100E4E2E1 /* HRTimelineViewController.m in Sources */ = {isa = PBXBuildFile; fileRef = DD695D7A1489439100E4E2E1 /* HRTimelineViewController.m */; };
		DD695D7D1489439100E4E2E1 /* HRTimelineViewController.xib in Resources */ = {isa = PBXBuildFile; fileRef = DD695D7B1489439100E4E2E1 /* HRTimelineViewController.xib */; };
		DD695D7F148943FA00E4E2E1 /* timeline-image.png in Resources */ = {isa = PBXBuildFile; fileRef = DD695D7E148943FA00E4E2E1 /* timeline-image.png */; };
		DD695D8514897C2200E4E2E1 /* HRMessagesViewController.m in Sources */ = {isa = PBXBuildFile; fileRef = DD695D8314897C2200E4E2E1 /* HRMessagesViewController.m */; };
		DD695D8614897C2200E4E2E1 /* HRMessagesViewController.xib in Resources */ = {isa = PBXBuildFile; fileRef = DD695D8414897C2200E4E2E1 /* HRMessagesViewController.xib */; };
		DD8BD9DB148D13910090F729 /* chevron.png in Resources */ = {isa = PBXBuildFile; fileRef = DD8BD9DA148D13910090F729 /* chevron.png */; };
		DD8BD9E2148D1D660090F729 /* Henry_Smith.png in Resources */ = {isa = PBXBuildFile; fileRef = DD8BD9DD148D1D660090F729 /* Henry_Smith.png */; };
		DD8BD9E3148D1D660090F729 /* Johnny_Smith.png in Resources */ = {isa = PBXBuildFile; fileRef = DD8BD9DE148D1D660090F729 /* Johnny_Smith.png */; };
		DD8BD9E4148D1D660090F729 /* Molly_Smith.png in Resources */ = {isa = PBXBuildFile; fileRef = DD8BD9DF148D1D660090F729 /* Molly_Smith.png */; };
		DD8BD9E5148D1D660090F729 /* Sarah_Smith.png in Resources */ = {isa = PBXBuildFile; fileRef = DD8BD9E0148D1D660090F729 /* Sarah_Smith.png */; };
		DD8BD9E6148D1D660090F729 /* Tom_Smith.png in Resources */ = {isa = PBXBuildFile; fileRef = DD8BD9E1148D1D660090F729 /* Tom_Smith.png */; };
		DD8BD9F2148D2BDC0090F729 /* HRConfig.m in Sources */ = {isa = PBXBuildFile; fileRef = DD8BD9F1148D2BDC0090F729 /* HRConfig.m */; };
/* End PBXBuildFile section */

/* Begin PBXFileReference section */
		941DB0A81471B32D00A96B8B /* HReader.app */ = {isa = PBXFileReference; explicitFileType = wrapper.application; includeInIndex = 0; path = HReader.app; sourceTree = BUILT_PRODUCTS_DIR; };
		941DB0AC1471B32D00A96B8B /* UIKit.framework */ = {isa = PBXFileReference; lastKnownFileType = wrapper.framework; name = UIKit.framework; path = System/Library/Frameworks/UIKit.framework; sourceTree = SDKROOT; };
		941DB0AE1471B32D00A96B8B /* Foundation.framework */ = {isa = PBXFileReference; lastKnownFileType = wrapper.framework; name = Foundation.framework; path = System/Library/Frameworks/Foundation.framework; sourceTree = SDKROOT; };
		941DB0B01471B32D00A96B8B /* CoreGraphics.framework */ = {isa = PBXFileReference; lastKnownFileType = wrapper.framework; name = CoreGraphics.framework; path = System/Library/Frameworks/CoreGraphics.framework; sourceTree = SDKROOT; };
		941DB0B41471B32D00A96B8B /* HReader-Info.plist */ = {isa = PBXFileReference; lastKnownFileType = text.plist.xml; path = "HReader-Info.plist"; sourceTree = "<group>"; };
		941DB0B61471B32D00A96B8B /* en */ = {isa = PBXFileReference; lastKnownFileType = text.plist.strings; name = en; path = en.lproj/InfoPlist.strings; sourceTree = "<group>"; };
		941DB0B81471B32D00A96B8B /* main.m */ = {isa = PBXFileReference; lastKnownFileType = sourcecode.c.objc; path = main.m; sourceTree = "<group>"; };
		941DB0BA1471B32D00A96B8B /* HReader-Prefix.pch */ = {isa = PBXFileReference; lastKnownFileType = sourcecode.c.h; path = "HReader-Prefix.pch"; sourceTree = "<group>"; };
		941DB0BB1471B32D00A96B8B /* HRAppDelegate.h */ = {isa = PBXFileReference; lastKnownFileType = sourcecode.c.h; path = HRAppDelegate.h; sourceTree = "<group>"; };
		941DB0BC1471B32D00A96B8B /* HRAppDelegate.m */ = {isa = PBXFileReference; lastKnownFileType = sourcecode.c.objc; path = HRAppDelegate.m; sourceTree = "<group>"; };
		941DB0BF1471B32D00A96B8B /* en */ = {isa = PBXFileReference; lastKnownFileType = file.storyboard; name = en; path = en.lproj/MainStoryboard_iPhone.storyboard; sourceTree = "<group>"; };
		941DB0C21471B32D00A96B8B /* en */ = {isa = PBXFileReference; lastKnownFileType = file.storyboard; name = en; path = en.lproj/MainStoryboard_iPad.storyboard; sourceTree = "<group>"; };
		941DB0C41471B32D00A96B8B /* HRMasterViewController.h */ = {isa = PBXFileReference; lastKnownFileType = sourcecode.c.h; path = HRMasterViewController.h; sourceTree = "<group>"; };
		941DB0C51471B32D00A96B8B /* HRMasterViewController.m */ = {isa = PBXFileReference; lastKnownFileType = sourcecode.c.objc; path = HRMasterViewController.m; sourceTree = "<group>"; };
		941DB0C71471B32D00A96B8B /* HRDetailViewController.h */ = {isa = PBXFileReference; lastKnownFileType = sourcecode.c.h; path = HRDetailViewController.h; sourceTree = "<group>"; };
		941DB0C81471B32D00A96B8B /* HRDetailViewController.m */ = {isa = PBXFileReference; lastKnownFileType = sourcecode.c.objc; path = HRDetailViewController.m; sourceTree = "<group>"; };
		9424C15B147AD9C0008BF5CE /* hReader_Logo_34x150.png */ = {isa = PBXFileReference; lastKnownFileType = image.png; path = hReader_Logo_34x150.png; sourceTree = "<group>"; };
		944A2F2C1472C62300694816 /* handmadepaper.png */ = {isa = PBXFileReference; lastKnownFileType = image.png; path = handmadepaper.png; sourceTree = "<group>"; };
		9464C58214769E190076B991 /* hReader_icon_72x72.png */ = {isa = PBXFileReference; lastKnownFileType = image.png; path = hReader_icon_72x72.png; sourceTree = "<group>"; };
		9464C5851476BDAE0076B991 /* Johnny_Smith_96.xml */ = {isa = PBXFileReference; fileEncoding = 4; lastKnownFileType = text.xml; path = Johnny_Smith_96.xml; sourceTree = "<group>"; };
		9464C5861476BDAE0076B991 /* Johnny_Smith_96.html */ = {isa = PBXFileReference; fileEncoding = 4; lastKnownFileType = text.html; path = Johnny_Smith_96.html; sourceTree = "<group>"; };
		9464C58A1476CB4F0076B991 /* C32ViewController.h */ = {isa = PBXFileReference; fileEncoding = 4; lastKnownFileType = sourcecode.c.h; path = C32ViewController.h; sourceTree = "<group>"; };
		9464C58B1476CB4F0076B991 /* C32ViewController.m */ = {isa = PBXFileReference; fileEncoding = 4; lastKnownFileType = sourcecode.c.objc; path = C32ViewController.m; sourceTree = "<group>"; };
		94AEAE0114841CEB00C005B2 /* TimelineViewController.h */ = {isa = PBXFileReference; fileEncoding = 4; lastKnownFileType = sourcecode.c.h; path = TimelineViewController.h; sourceTree = "<group>"; };
		94AEAE0214841CEB00C005B2 /* TimelineViewController.m */ = {isa = PBXFileReference; fileEncoding = 4; lastKnownFileType = sourcecode.c.objc; path = TimelineViewController.m; sourceTree = "<group>"; };
		94AEAE0314841CEB00C005B2 /* TimelineViewController.xib */ = {isa = PBXFileReference; fileEncoding = 4; lastKnownFileType = file.xib; path = TimelineViewController.xib; sourceTree = "<group>"; };
		94AEAE0714868BC200C005B2 /* HRRootViewController.h */ = {isa = PBXFileReference; fileEncoding = 4; lastKnownFileType = sourcecode.c.h; path = HRRootViewController.h; sourceTree = "<group>"; };
		94AEAE0814868BC200C005B2 /* HRRootViewController.m */ = {isa = PBXFileReference; fileEncoding = 4; lastKnownFileType = sourcecode.c.objc; path = HRRootViewController.m; sourceTree = "<group>"; };
		94AEAE0D148690DA00C005B2 /* HRPatientSummaryViewController.h */ = {isa = PBXFileReference; fileEncoding = 4; lastKnownFileType = sourcecode.c.h; path = HRPatientSummaryViewController.h; sourceTree = "<group>"; };
		94AEAE0E148690DA00C005B2 /* HRPatientSummaryViewController.m */ = {isa = PBXFileReference; fileEncoding = 4; lastKnownFileType = sourcecode.c.objc; path = HRPatientSummaryViewController.m; sourceTree = "<group>"; };
		94AEAE0F148690DA00C005B2 /* HRPatientSummaryViewController.xib */ = {isa = PBXFileReference; fileEncoding = 4; lastKnownFileType = file.xib; path = HRPatientSummaryViewController.xib; sourceTree = "<group>"; };
		94C5ECF31472F448009FE38D /* PatientDetailsTableViewController.h */ = {isa = PBXFileReference; fileEncoding = 4; lastKnownFileType = sourcecode.c.h; path = PatientDetailsTableViewController.h; sourceTree = "<group>"; };
		94C5ECF41472F448009FE38D /* PatientDetailsTableViewController.m */ = {isa = PBXFileReference; fileEncoding = 4; lastKnownFileType = sourcecode.c.objc; path = PatientDetailsTableViewController.m; sourceTree = "<group>"; };
		94E3BB4F1472C95800E05D4D /* PatientSummaryViewController.h */ = {isa = PBXFileReference; fileEncoding = 4; lastKnownFileType = sourcecode.c.h; path = PatientSummaryViewController.h; sourceTree = "<group>"; };
		94E3BB501472C95800E05D4D /* PatientSummaryViewController.m */ = {isa = PBXFileReference; fileEncoding = 4; lastKnownFileType = sourcecode.c.objc; path = PatientSummaryViewController.m; sourceTree = "<group>"; };
		94E3BB561472CD2000E05D4D /* father.png */ = {isa = PBXFileReference; lastKnownFileType = image.png; path = father.png; sourceTree = "<group>"; };
		94E3BB581472E0DE00E05D4D /* HRConfig.h */ = {isa = PBXFileReference; fileEncoding = 4; lastKnownFileType = sourcecode.c.h; path = HRConfig.h; sourceTree = "<group>"; };
		DD124DAD148D3EF300E23A44 /* Doctor.png */ = {isa = PBXFileReference; lastKnownFileType = image.png; path = Doctor.png; sourceTree = "<group>"; };
		DD191739148FDDBD00B87AAF /* HRPatientSwipeViewController.h */ = {isa = PBXFileReference; fileEncoding = 4; lastKnownFileType = sourcecode.c.h; path = HRPatientSwipeViewController.h; sourceTree = "<group>"; };
		DD19173A148FDDBD00B87AAF /* HRPatientSwipeViewController.m */ = {isa = PBXFileReference; fileEncoding = 4; lastKnownFileType = sourcecode.c.objc; path = HRPatientSwipeViewController.m; sourceTree = "<group>"; };
		DD19173D148FDEBB00B87AAF /* HRPatient.h */ = {isa = PBXFileReference; fileEncoding = 4; lastKnownFileType = sourcecode.c.h; path = HRPatient.h; sourceTree = "<group>"; };
		DD19173E148FDEBB00B87AAF /* HRPatient.m */ = {isa = PBXFileReference; fileEncoding = 4; lastKnownFileType = sourcecode.c.objc; path = HRPatient.m; sourceTree = "<group>"; };
		DD191740148FEE8E00B87AAF /* HRPatientSwipeViewController.xib */ = {isa = PBXFileReference; fileEncoding = 4; lastKnownFileType = file.xib; path = HRPatientSwipeViewController.xib; sourceTree = "<group>"; };
		DD5597BE14897DE2006A0D1D /* HRDoctorsViewController.h */ = {isa = PBXFileReference; fileEncoding = 4; lastKnownFileType = sourcecode.c.h; path = HRDoctorsViewController.h; sourceTree = "<group>"; };
		DD5597BF14897DE2006A0D1D /* HRDoctorsViewController.m */ = {isa = PBXFileReference; fileEncoding = 4; lastKnownFileType = sourcecode.c.objc; path = HRDoctorsViewController.m; sourceTree = "<group>"; };
		DD5597C014897DE2006A0D1D /* HRDoctorsViewController.xib */ = {isa = PBXFileReference; fileEncoding = 4; lastKnownFileType = file.xib; path = HRDoctorsViewController.xib; sourceTree = "<group>"; };
		DD695D791489439100E4E2E1 /* HRTimelineViewController.h */ = {isa = PBXFileReference; fileEncoding = 4; lastKnownFileType = sourcecode.c.h; path = HRTimelineViewController.h; sourceTree = "<group>"; };
		DD695D7A1489439100E4E2E1 /* HRTimelineViewController.m */ = {isa = PBXFileReference; fileEncoding = 4; lastKnownFileType = sourcecode.c.objc; path = HRTimelineViewController.m; sourceTree = "<group>"; };
		DD695D7B1489439100E4E2E1 /* HRTimelineViewController.xib */ = {isa = PBXFileReference; fileEncoding = 4; lastKnownFileType = file.xib; path = HRTimelineViewController.xib; sourceTree = "<group>"; };
		DD695D7E148943FA00E4E2E1 /* timeline-image.png */ = {isa = PBXFileReference; lastKnownFileType = image.png; path = "timeline-image.png"; sourceTree = "<group>"; };
		DD695D8214897C2200E4E2E1 /* HRMessagesViewController.h */ = {isa = PBXFileReference; fileEncoding = 4; lastKnownFileType = sourcecode.c.h; path = HRMessagesViewController.h; sourceTree = "<group>"; };
		DD695D8314897C2200E4E2E1 /* HRMessagesViewController.m */ = {isa = PBXFileReference; fileEncoding = 4; lastKnownFileType = sourcecode.c.objc; path = HRMessagesViewController.m; sourceTree = "<group>"; };
		DD695D8414897C2200E4E2E1 /* HRMessagesViewController.xib */ = {isa = PBXFileReference; fileEncoding = 4; lastKnownFileType = file.xib; path = HRMessagesViewController.xib; sourceTree = "<group>"; };
		DD7037B21490103300F58A83 /* QuartzCore.framework */ = {isa = PBXFileReference; lastKnownFileType = wrapper.framework; name = QuartzCore.framework; path = System/Library/Frameworks/QuartzCore.framework; sourceTree = SDKROOT; };
		DD8BD9DA148D13910090F729 /* chevron.png */ = {isa = PBXFileReference; lastKnownFileType = image.png; path = chevron.png; sourceTree = "<group>"; };
		DD8BD9DD148D1D660090F729 /* Henry_Smith.png */ = {isa = PBXFileReference; lastKnownFileType = image.png; path = Henry_Smith.png; sourceTree = "<group>"; };
		DD8BD9DE148D1D660090F729 /* Johnny_Smith.png */ = {isa = PBXFileReference; lastKnownFileType = image.png; path = Johnny_Smith.png; sourceTree = "<group>"; };
		DD8BD9DF148D1D660090F729 /* Molly_Smith.png */ = {isa = PBXFileReference; lastKnownFileType = image.png; path = Molly_Smith.png; sourceTree = "<group>"; };
		DD8BD9E0148D1D660090F729 /* Sarah_Smith.png */ = {isa = PBXFileReference; lastKnownFileType = image.png; path = Sarah_Smith.png; sourceTree = "<group>"; };
		DD8BD9E1148D1D660090F729 /* Tom_Smith.png */ = {isa = PBXFileReference; lastKnownFileType = image.png; path = Tom_Smith.png; sourceTree = "<group>"; };
		DD8BD9F1148D2BDC0090F729 /* HRConfig.m */ = {isa = PBXFileReference; fileEncoding = 4; lastKnownFileType = sourcecode.c.objc; path = HRConfig.m; sourceTree = "<group>"; };
/* End PBXFileReference section */

/* Begin PBXFrameworksBuildPhase section */
		941DB0A51471B32D00A96B8B /* Frameworks */ = {
			isa = PBXFrameworksBuildPhase;
			buildActionMask = 2147483647;
			files = (
				941DB0AD1471B32D00A96B8B /* UIKit.framework in Frameworks */,
				941DB0AF1471B32D00A96B8B /* Foundation.framework in Frameworks */,
				941DB0B11471B32D00A96B8B /* CoreGraphics.framework in Frameworks */,
			);
			runOnlyForDeploymentPostprocessing = 0;
		};
/* End PBXFrameworksBuildPhase section */

/* Begin PBXGroup section */
		941DB09D1471B32D00A96B8B = {
			isa = PBXGroup;
			children = (
				DD7037B21490103300F58A83 /* QuartzCore.framework */,
				941DB0B21471B32D00A96B8B /* HReader */,
				944A2F291472C5F900694816 /* Resources */,
				941DB0AB1471B32D00A96B8B /* Frameworks */,
				941DB0A91471B32D00A96B8B /* Products */,
			);
			sourceTree = "<group>";
		};
		941DB0A91471B32D00A96B8B /* Products */ = {
			isa = PBXGroup;
			children = (
				941DB0A81471B32D00A96B8B /* HReader.app */,
			);
			name = Products;
			sourceTree = "<group>";
		};
		941DB0AB1471B32D00A96B8B /* Frameworks */ = {
			isa = PBXGroup;
			children = (
				941DB0AC1471B32D00A96B8B /* UIKit.framework */,
				941DB0AE1471B32D00A96B8B /* Foundation.framework */,
				941DB0B01471B32D00A96B8B /* CoreGraphics.framework */,
			);
			name = Frameworks;
			sourceTree = "<group>";
		};
		941DB0B21471B32D00A96B8B /* HReader */ = {
			isa = PBXGroup;
			children = (
				94E3BB581472E0DE00E05D4D /* HRConfig.h */,
				DD8BD9F1148D2BDC0090F729 /* HRConfig.m */,
				9424C156147A9C95008BF5CE /* Categories */,
				DD8BD9EC148D2B3C0090F729 /* Storyboards */,
				DD7037B114900E8A00F58A83 /* Models */,
				94E3BB531472C96200E05D4D /* App Delegate */,
				DD8BD9EB148D2B270090F729 /* Root View */,
				941DB0B31471B32D00A96B8B /* Supporting Files */,
				DD8BD9EA148D2AF00090F729 /* Old */,
			);
			path = HReader;
			sourceTree = "<group>";
		};
		941DB0B31471B32D00A96B8B /* Supporting Files */ = {
			isa = PBXGroup;
			children = (
				941DB0B41471B32D00A96B8B /* HReader-Info.plist */,
				941DB0B51471B32D00A96B8B /* InfoPlist.strings */,
				941DB0B81471B32D00A96B8B /* main.m */,
				941DB0BA1471B32D00A96B8B /* HReader-Prefix.pch */,
			);
			name = "Supporting Files";
			sourceTree = "<group>";
		};
		9424C156147A9C95008BF5CE /* Categories */ = {
			isa = PBXGroup;
			children = (
			);
			name = Categories;
			sourceTree = "<group>";
		};
		944A2F291472C5F900694816 /* Resources */ = {
			isa = PBXGroup;
			children = (
				94C5ECFB1472FFA2009FE38D /* C32 */,
				944A2F2B1472C60600694816 /* Images */,
			);
			name = Resources;
			sourceTree = "<group>";
		};
		944A2F2B1472C60600694816 /* Images */ = {
			isa = PBXGroup;
			children = (
				DD124DAD148D3EF300E23A44 /* Doctor.png */,
				DD8BD9E9148D1D8C0090F729 /* Mockups */,
				DD8BD9E8148D1D800090F729 /* Backgrounds */,
				DD8BD9E7148D1D6C0090F729 /* Family */,
				DD8BD9DA148D13910090F729 /* chevron.png */,
				9424C15B147AD9C0008BF5CE /* hReader_Logo_34x150.png */,
				9464C58214769E190076B991 /* hReader_icon_72x72.png */,
			);
			name = Images;
			sourceTree = "<group>";
		};
		9464C5891476BF250076B991 /* C32 Patient Record */ = {
			isa = PBXGroup;
			children = (
				9464C58A1476CB4F0076B991 /* C32ViewController.h */,
				9464C58B1476CB4F0076B991 /* C32ViewController.m */,
			);
			name = "C32 Patient Record";
			sourceTree = "<group>";
		};
		94C5ECFA1472FF7A009FE38D /* Patient Summary */ = {
			isa = PBXGroup;
			children = (
				94E3BB4F1472C95800E05D4D /* PatientSummaryViewController.h */,
				94E3BB501472C95800E05D4D /* PatientSummaryViewController.m */,
			);
			name = "Patient Summary";
			sourceTree = "<group>";
		};
		94C5ECFB1472FFA2009FE38D /* C32 */ = {
			isa = PBXGroup;
			children = (
				9464C5851476BDAE0076B991 /* Johnny_Smith_96.xml */,
				9464C5861476BDAE0076B991 /* Johnny_Smith_96.html */,
			);
			name = C32;
			sourceTree = "<group>";
		};
		94E3BB531472C96200E05D4D /* App Delegate */ = {
			isa = PBXGroup;
			children = (
				941DB0BB1471B32D00A96B8B /* HRAppDelegate.h */,
				941DB0BC1471B32D00A96B8B /* HRAppDelegate.m */,
			);
			name = "App Delegate";
			sourceTree = "<group>";
		};
		94E3BB541472C97600E05D4D /* Patient List */ = {
			isa = PBXGroup;
			children = (
				941DB0C41471B32D00A96B8B /* HRMasterViewController.h */,
				941DB0C51471B32D00A96B8B /* HRMasterViewController.m */,
				94E3BB551472C98600E05D4D /* Patient Details */,
			);
			name = "Patient List";
			sourceTree = "<group>";
		};
		94E3BB551472C98600E05D4D /* Patient Details */ = {
			isa = PBXGroup;
			children = (
				94C5ECF31472F448009FE38D /* PatientDetailsTableViewController.h */,
				94C5ECF41472F448009FE38D /* PatientDetailsTableViewController.m */,
				94C5ECFA1472FF7A009FE38D /* Patient Summary */,
				9464C5891476BF250076B991 /* C32 Patient Record */,
			);
			name = "Patient Details";
			sourceTree = "<group>";
		};
		DD7037B014900E5900F58A83 /* Patient Swipe */ = {
			isa = PBXGroup;
			children = (
				DD191739148FDDBD00B87AAF /* HRPatientSwipeViewController.h */,
				DD19173A148FDDBD00B87AAF /* HRPatientSwipeViewController.m */,
				DD191740148FEE8E00B87AAF /* HRPatientSwipeViewController.xib */,
			);
			name = "Patient Swipe";
			sourceTree = "<group>";
		};
		DD7037B114900E8A00F58A83 /* Models */ = {
			isa = PBXGroup;
			children = (
				DD19173D148FDEBB00B87AAF /* HRPatient.h */,
				DD19173E148FDEBB00B87AAF /* HRPatient.m */,
			);
			name = Models;
			sourceTree = "<group>";
		};
		DD8BD9E7148D1D6C0090F729 /* Family */ = {
			isa = PBXGroup;
			children = (
				94E3BB561472CD2000E05D4D /* father.png */,
				DD8BD9DD148D1D660090F729 /* Henry_Smith.png */,
				DD8BD9DE148D1D660090F729 /* Johnny_Smith.png */,
				DD8BD9DF148D1D660090F729 /* Molly_Smith.png */,
				DD8BD9E0148D1D660090F729 /* Sarah_Smith.png */,
				DD8BD9E1148D1D660090F729 /* Tom_Smith.png */,
			);
			name = Family;
			sourceTree = "<group>";
		};
		DD8BD9E8148D1D800090F729 /* Backgrounds */ = {
			isa = PBXGroup;
			children = (
				944A2F2C1472C62300694816 /* handmadepaper.png */,
			);
			name = Backgrounds;
			sourceTree = "<group>";
		};
		DD8BD9E9148D1D8C0090F729 /* Mockups */ = {
			isa = PBXGroup;
			children = (
				DD695D7E148943FA00E4E2E1 /* timeline-image.png */,
			);
			name = Mockups;
			sourceTree = "<group>";
		};
		DD8BD9EA148D2AF00090F729 /* Old */ = {
			isa = PBXGroup;
			children = (
				941DB0C71471B32D00A96B8B /* HRDetailViewController.h */,
				941DB0C81471B32D00A96B8B /* HRDetailViewController.m */,
				94AEAE0114841CEB00C005B2 /* TimelineViewController.h */,
				94AEAE0214841CEB00C005B2 /* TimelineViewController.m */,
				94AEAE0314841CEB00C005B2 /* TimelineViewController.xib */,
				94E3BB541472C97600E05D4D /* Patient List */,
			);
			name = Old;
			sourceTree = "<group>";
		};
		DD8BD9EB148D2B270090F729 /* Root View */ = {
			isa = PBXGroup;
			children = (
				94AEAE0714868BC200C005B2 /* HRRootViewController.h */,
				94AEAE0814868BC200C005B2 /* HRRootViewController.m */,
				DD7037B014900E5900F58A83 /* Patient Swipe */,
				DD8BD9ED148D2B5A0090F729 /* Patient Summary */,
				DD8BD9EE148D2B660090F729 /* Timeline */,
				DD8BD9EF148D2B6C0090F729 /* Messages */,
				DD8BD9F0148D2B720090F729 /* Doctors */,
			);
			name = "Root View";
			sourceTree = "<group>";
		};
		DD8BD9EC148D2B3C0090F729 /* Storyboards */ = {
			isa = PBXGroup;
			children = (
				941DB0BE1471B32D00A96B8B /* MainStoryboard_iPhone.storyboard */,
				941DB0C11471B32D00A96B8B /* MainStoryboard_iPad.storyboard */,
			);
			name = Storyboards;
			sourceTree = "<group>";
		};
		DD8BD9ED148D2B5A0090F729 /* Patient Summary */ = {
			isa = PBXGroup;
			children = (
				94AEAE0D148690DA00C005B2 /* HRPatientSummaryViewController.h */,
				94AEAE0E148690DA00C005B2 /* HRPatientSummaryViewController.m */,
				94AEAE0F148690DA00C005B2 /* HRPatientSummaryViewController.xib */,
			);
			name = "Patient Summary";
			sourceTree = "<group>";
		};
		DD8BD9EE148D2B660090F729 /* Timeline */ = {
			isa = PBXGroup;
			children = (
				DD695D791489439100E4E2E1 /* HRTimelineViewController.h */,
				DD695D7A1489439100E4E2E1 /* HRTimelineViewController.m */,
				DD695D7B1489439100E4E2E1 /* HRTimelineViewController.xib */,
			);
			name = Timeline;
			sourceTree = "<group>";
		};
		DD8BD9EF148D2B6C0090F729 /* Messages */ = {
			isa = PBXGroup;
			children = (
				DD695D8214897C2200E4E2E1 /* HRMessagesViewController.h */,
				DD695D8314897C2200E4E2E1 /* HRMessagesViewController.m */,
				DD695D8414897C2200E4E2E1 /* HRMessagesViewController.xib */,
			);
			name = Messages;
			sourceTree = "<group>";
		};
		DD8BD9F0148D2B720090F729 /* Doctors */ = {
			isa = PBXGroup;
			children = (
				DD5597BE14897DE2006A0D1D /* HRDoctorsViewController.h */,
				DD5597BF14897DE2006A0D1D /* HRDoctorsViewController.m */,
				DD5597C014897DE2006A0D1D /* HRDoctorsViewController.xib */,
			);
			name = Doctors;
			sourceTree = "<group>";
		};
/* End PBXGroup section */

/* Begin PBXNativeTarget section */
		941DB0A71471B32D00A96B8B /* HReader */ = {
			isa = PBXNativeTarget;
			buildConfigurationList = 941DB0CC1471B32D00A96B8B /* Build configuration list for PBXNativeTarget "HReader" */;
			buildPhases = (
				941DB0A41471B32D00A96B8B /* Sources */,
				941DB0A51471B32D00A96B8B /* Frameworks */,
				941DB0A61471B32D00A96B8B /* Resources */,
				9464C58414769EFB0076B991 /* Set Bundle Version */,
			);
			buildRules = (
			);
			dependencies = (
			);
			name = HReader;
			productName = HReader;
			productReference = 941DB0A81471B32D00A96B8B /* HReader.app */;
			productType = "com.apple.product-type.application";
		};
/* End PBXNativeTarget section */

/* Begin PBXProject section */
		941DB09F1471B32D00A96B8B /* Project object */ = {
			isa = PBXProject;
			attributes = {
				LastUpgradeCheck = 0420;
				ORGANIZATIONNAME = "MITRE Corporation";
			};
			buildConfigurationList = 941DB0A21471B32D00A96B8B /* Build configuration list for PBXProject "HReader" */;
			compatibilityVersion = "Xcode 3.2";
			developmentRegion = English;
			hasScannedForEncodings = 0;
			knownRegions = (
				en,
			);
			mainGroup = 941DB09D1471B32D00A96B8B;
			productRefGroup = 941DB0A91471B32D00A96B8B /* Products */;
			projectDirPath = "";
			projectRoot = "";
			targets = (
				941DB0A71471B32D00A96B8B /* HReader */,
			);
		};
/* End PBXProject section */

/* Begin PBXResourcesBuildPhase section */
		941DB0A61471B32D00A96B8B /* Resources */ = {
			isa = PBXResourcesBuildPhase;
			buildActionMask = 2147483647;
			files = (
				941DB0B71471B32D00A96B8B /* InfoPlist.strings in Resources */,
				941DB0C01471B32D00A96B8B /* MainStoryboard_iPhone.storyboard in Resources */,
				941DB0C31471B32D00A96B8B /* MainStoryboard_iPad.storyboard in Resources */,
				944A2F2D1472C62300694816 /* handmadepaper.png in Resources */,
				94E3BB571472CD2000E05D4D /* father.png in Resources */,
				9464C58314769E190076B991 /* hReader_icon_72x72.png in Resources */,
				9464C5871476BDAE0076B991 /* Johnny_Smith_96.xml in Resources */,
				9464C5881476BDAE0076B991 /* Johnny_Smith_96.html in Resources */,
				9424C15C147AD9C0008BF5CE /* hReader_Logo_34x150.png in Resources */,
				94AEAE0514841CEB00C005B2 /* TimelineViewController.xib in Resources */,
				94AEAE11148690DA00C005B2 /* HRPatientSummaryViewController.xib in Resources */,
				DD695D7D1489439100E4E2E1 /* HRTimelineViewController.xib in Resources */,
				DD695D7F148943FA00E4E2E1 /* timeline-image.png in Resources */,
				DD695D8614897C2200E4E2E1 /* HRMessagesViewController.xib in Resources */,
				DD5597C214897DE2006A0D1D /* HRDoctorsViewController.xib in Resources */,
				DD8BD9DB148D13910090F729 /* chevron.png in Resources */,
				DD8BD9E2148D1D660090F729 /* Henry_Smith.png in Resources */,
				DD8BD9E3148D1D660090F729 /* Johnny_Smith.png in Resources */,
				DD8BD9E4148D1D660090F729 /* Molly_Smith.png in Resources */,
				DD8BD9E5148D1D660090F729 /* Sarah_Smith.png in Resources */,
				DD8BD9E6148D1D660090F729 /* Tom_Smith.png in Resources */,
				DD124DAE148D3EF300E23A44 /* Doctor.png in Resources */,
				DD191741148FEE8E00B87AAF /* HRPatientSwipeViewController.xib in Resources */,
			);
			runOnlyForDeploymentPostprocessing = 0;
		};
/* End PBXResourcesBuildPhase section */

/* Begin PBXShellScriptBuildPhase section */
		9464C58414769EFB0076B991 /* Set Bundle Version */ = {
			isa = PBXShellScriptBuildPhase;
			buildActionMask = 2147483647;
			files = (
			);
			inputPaths = (
			);
			name = "Set Bundle Version";
			outputPaths = (
			);
			runOnlyForDeploymentPostprocessing = 0;
			shellPath = /usr/bin/ruby;
			shellScript = "#!/usr/bin/ruby\n# xcode-git-cfbundleversion.rb\n# Update CFBundleVersion in Info.plist file with short Git revision string\n# http://github.com/guicocoa/xcode-git-cfbundleversion/\n#\n# This is based on\n# http://github.com/digdog/xcode-git-cfbundleversion/\n# http://github.com/jsallis/xcode-git-versioner\n# http://github.com/juretta/iphone-project-tools/tree/v1.0.3\n\nrequire 'rubygems'\nbegin\nrequire 'Plist'\nrescue LoadError => e\nputs \"You need to install the 'Plist' gem: [sudo] gem install plist\"\nexit 1\nend\n\nraise \"Must be run from Xcode\" unless ENV['XCODE_VERSION_ACTUAL']\n\nGIT = \"/usr/bin/git\"\nPRODUCT_PLIST = File.join(ENV['BUILT_PRODUCTS_DIR'], ENV['INFOPLIST_PATH'])\nREVISION = `#{GIT} log --pretty=format:'' | wc -l`.scan(/\\d/).to_s\nBUNDLE_VERSION = \"CFBundleVersion\"\n\nif File.file?(PRODUCT_PLIST) and REVISION\n\n# update product plist\n`/usr/bin/plutil -convert xml1 \\\"#{PRODUCT_PLIST}\\\"`\ninfo = Plist::parse_xml(PRODUCT_PLIST)\nif info\ninfo[BUNDLE_VERSION] = REVISION\ninfo.save_plist(PRODUCT_PLIST)\nend\n`/usr/bin/plutil -convert binary1 \\\"#{PRODUCT_PLIST}\\\"`\n\n# log\nputs \"updated #{BUNDLE_VERSION} to #{REVISION}\"\n\nend";
		};
/* End PBXShellScriptBuildPhase section */

/* Begin PBXSourcesBuildPhase section */
		941DB0A41471B32D00A96B8B /* Sources */ = {
			isa = PBXSourcesBuildPhase;
			buildActionMask = 2147483647;
			files = (
				941DB0B91471B32D00A96B8B /* main.m in Sources */,
				941DB0BD1471B32D00A96B8B /* HRAppDelegate.m in Sources */,
				941DB0C61471B32D00A96B8B /* HRMasterViewController.m in Sources */,
				941DB0C91471B32D00A96B8B /* HRDetailViewController.m in Sources */,
				94E3BB511472C95800E05D4D /* PatientSummaryViewController.m in Sources */,
				94C5ECF51472F448009FE38D /* PatientDetailsTableViewController.m in Sources */,
				9464C58C1476CB4F0076B991 /* C32ViewController.m in Sources */,
				94AEAE0414841CEB00C005B2 /* TimelineViewController.m in Sources */,
				94AEAE0914868BC200C005B2 /* HRRootViewController.m in Sources */,
				94AEAE10148690DA00C005B2 /* HRPatientSummaryViewController.m in Sources */,
				DD695D7C1489439100E4E2E1 /* HRTimelineViewController.m in Sources */,
				DD695D8514897C2200E4E2E1 /* HRMessagesViewController.m in Sources */,
				DD5597C114897DE2006A0D1D /* HRDoctorsViewController.m in Sources */,
				DD8BD9F2148D2BDC0090F729 /* HRConfig.m in Sources */,
				DD19173B148FDDBD00B87AAF /* HRPatientSwipeViewController.m in Sources */,
				DD19173F148FDEBB00B87AAF /* HRPatient.m in Sources */,
			);
			runOnlyForDeploymentPostprocessing = 0;
		};
/* End PBXSourcesBuildPhase section */

/* Begin PBXVariantGroup section */
		941DB0B51471B32D00A96B8B /* InfoPlist.strings */ = {
			isa = PBXVariantGroup;
			children = (
				941DB0B61471B32D00A96B8B /* en */,
			);
			name = InfoPlist.strings;
			sourceTree = "<group>";
		};
		941DB0BE1471B32D00A96B8B /* MainStoryboard_iPhone.storyboard */ = {
			isa = PBXVariantGroup;
			children = (
				941DB0BF1471B32D00A96B8B /* en */,
			);
			name = MainStoryboard_iPhone.storyboard;
			sourceTree = "<group>";
		};
		941DB0C11471B32D00A96B8B /* MainStoryboard_iPad.storyboard */ = {
			isa = PBXVariantGroup;
			children = (
				941DB0C21471B32D00A96B8B /* en */,
			);
			name = MainStoryboard_iPad.storyboard;
			sourceTree = "<group>";
		};
/* End PBXVariantGroup section */

/* Begin XCBuildConfiguration section */
		941DB0CA1471B32D00A96B8B /* Debug */ = {
			isa = XCBuildConfiguration;
			buildSettings = {
				ALWAYS_SEARCH_USER_PATHS = NO;
				ARCHS = "$(ARCHS_STANDARD_32_BIT)";
				COPY_PHASE_STRIP = NO;
				GCC_C_LANGUAGE_STANDARD = gnu99;
				GCC_DYNAMIC_NO_PIC = NO;
				GCC_OPTIMIZATION_LEVEL = 0;
				GCC_PREPROCESSOR_DEFINITIONS = (
					"DEBUG=1",
					"$(inherited)",
				);
				GCC_SYMBOLS_PRIVATE_EXTERN = NO;
				GCC_VERSION = com.apple.compilers.llvm.clang.1_0;
				GCC_WARN_ABOUT_MISSING_PROTOTYPES = YES;
				GCC_WARN_ABOUT_RETURN_TYPE = YES;
				GCC_WARN_UNUSED_VARIABLE = YES;
				IPHONEOS_DEPLOYMENT_TARGET = 5.0;
				SDKROOT = iphoneos;
				TARGETED_DEVICE_FAMILY = "1,2";
			};
			name = Debug;
		};
		941DB0CB1471B32D00A96B8B /* Release */ = {
			isa = XCBuildConfiguration;
			buildSettings = {
				ALWAYS_SEARCH_USER_PATHS = NO;
				ARCHS = "$(ARCHS_STANDARD_32_BIT)";
				"CODE_SIGN_IDENTITY[sdk=iphoneos*]" = "iPhone Developer";
				COPY_PHASE_STRIP = YES;
				GCC_C_LANGUAGE_STANDARD = gnu99;
				GCC_VERSION = com.apple.compilers.llvm.clang.1_0;
				GCC_WARN_ABOUT_MISSING_PROTOTYPES = YES;
				GCC_WARN_ABOUT_RETURN_TYPE = YES;
				GCC_WARN_UNUSED_VARIABLE = YES;
				IPHONEOS_DEPLOYMENT_TARGET = 5.0;
				OTHER_CFLAGS = "-DNS_BLOCK_ASSERTIONS=1";
				SDKROOT = iphoneos;
				TARGETED_DEVICE_FAMILY = "1,2";
				VALIDATE_PRODUCT = YES;
			};
			name = Release;
		};
		941DB0CD1471B32D00A96B8B /* Debug */ = {
			isa = XCBuildConfiguration;
			buildSettings = {
				CODE_SIGN_IDENTITY = "iPhone Developer";
				GCC_PRECOMPILE_PREFIX_HEADER = YES;
				GCC_PREFIX_HEADER = "HReader/HReader-Prefix.pch";
				INFOPLIST_FILE = "HReader/HReader-Info.plist";
				PRODUCT_NAME = "$(TARGET_NAME)";
				PROVISIONING_PROFILE = "";
				WRAPPER_EXTENSION = app;
			};
			name = Debug;
		};
		941DB0CE1471B32D00A96B8B /* Release */ = {
			isa = XCBuildConfiguration;
			buildSettings = {
				CODE_SIGN_IDENTITY = "iPhone Distribution";
				GCC_PRECOMPILE_PREFIX_HEADER = YES;
				GCC_PREFIX_HEADER = "HReader/HReader-Prefix.pch";
				INFOPLIST_FILE = "HReader/HReader-Info.plist";
				PRODUCT_NAME = "$(TARGET_NAME)";
				PROVISIONING_PROFILE = "";
				WRAPPER_EXTENSION = app;
			};
			name = Release;
		};
		94231792147AFE2500268377 /* Ad Hoc */ = {
			isa = XCBuildConfiguration;
			buildSettings = {
				ALWAYS_SEARCH_USER_PATHS = NO;
				ARCHS = "$(ARCHS_STANDARD_32_BIT)";
				COPY_PHASE_STRIP = YES;
				GCC_C_LANGUAGE_STANDARD = gnu99;
				GCC_VERSION = com.apple.compilers.llvm.clang.1_0;
				GCC_WARN_ABOUT_MISSING_PROTOTYPES = YES;
				GCC_WARN_ABOUT_RETURN_TYPE = YES;
				GCC_WARN_UNUSED_VARIABLE = YES;
				IPHONEOS_DEPLOYMENT_TARGET = 5.0;
				OTHER_CFLAGS = "-DNS_BLOCK_ASSERTIONS=1";
				SDKROOT = iphoneos;
				TARGETED_DEVICE_FAMILY = "1,2";
				VALIDATE_PRODUCT = YES;
			};
			name = "Ad Hoc";
		};
		94231793147AFE2500268377 /* Ad Hoc */ = {
			isa = XCBuildConfiguration;
			buildSettings = {
				CODE_SIGN_IDENTITY = "iPhone Distribution";
				GCC_PRECOMPILE_PREFIX_HEADER = YES;
				GCC_PREFIX_HEADER = "HReader/HReader-Prefix.pch";
				INFOPLIST_FILE = "HReader/HReader-Info.plist";
				PRODUCT_NAME = "$(TARGET_NAME)";
				PROVISIONING_PROFILE = "";
				WRAPPER_EXTENSION = app;
			};
			name = "Ad Hoc";
		};
/* End XCBuildConfiguration section */

/* Begin XCConfigurationList section */
		941DB0A21471B32D00A96B8B /* Build configuration list for PBXProject "HReader" */ = {
			isa = XCConfigurationList;
			buildConfigurations = (
				941DB0CA1471B32D00A96B8B /* Debug */,
				941DB0CB1471B32D00A96B8B /* Release */,
				94231792147AFE2500268377 /* Ad Hoc */,
			);
			defaultConfigurationIsVisible = 0;
			defaultConfigurationName = Release;
		};
		941DB0CC1471B32D00A96B8B /* Build configuration list for PBXNativeTarget "HReader" */ = {
			isa = XCConfigurationList;
			buildConfigurations = (
				941DB0CD1471B32D00A96B8B /* Debug */,
				941DB0CE1471B32D00A96B8B /* Release */,
				94231793147AFE2500268377 /* Ad Hoc */,
			);
			defaultConfigurationIsVisible = 0;
			defaultConfigurationName = Release;
		};
/* End XCConfigurationList section */
	};
	rootObject = 941DB09F1471B32D00A96B8B /* Project object */;
}
