// !$*UTF8*$!
{
	archiveVersion = 1;
	classes = {
	};
	objectVersion = 46;
	objects = {

/* Begin PBXBuildFile section */
		3B04A56114E0692600AD91F9 /* SSKeychain.m in Sources */ = {isa = PBXBuildFile; fileRef = 3B04A55214E0692600AD91F9 /* SSKeychain.m */; };
		3B04A56914E06A3A00AD91F9 /* Security.framework in Frameworks */ = {isa = PBXBuildFile; fileRef = 3B04A56814E06A3A00AD91F9 /* Security.framework */; };
		3B19651B14EEA6200045F827 /* Logo.png in Resources */ = {isa = PBXBuildFile; fileRef = 3B19651A14EEA6200045F827 /* Logo.png */; };
		3B19652014EEAB970045F827 /* C32-Smith-Henry.html in Resources */ = {isa = PBXBuildFile; fileRef = 3B19651C14EEAB970045F827 /* C32-Smith-Henry.html */; };
		3B19652114EEAB970045F827 /* C32-Smith-Molly.html in Resources */ = {isa = PBXBuildFile; fileRef = 3B19651D14EEAB970045F827 /* C32-Smith-Molly.html */; };
		3B19652214EEAB970045F827 /* C32-Smith-Sarah.html in Resources */ = {isa = PBXBuildFile; fileRef = 3B19651E14EEAB970045F827 /* C32-Smith-Sarah.html */; };
		3B19652314EEAB970045F827 /* C32-Smith-Tom.html in Resources */ = {isa = PBXBuildFile; fileRef = 3B19651F14EEAB970045F827 /* C32-Smith-Tom.html */; };
		3B3C919514F69F61005CD5C5 /* NSDate+FormattedDate.m in Sources */ = {isa = PBXBuildFile; fileRef = 3B3C919414F69F61005CD5C5 /* NSDate+FormattedDate.m */; };
		3BB9C27F151B8AEF00527C20 /* HRKeychainManager.m in Sources */ = {isa = PBXBuildFile; fileRef = 3BB9C27E151B8AEF00527C20 /* HRKeychainManager.m */; settings = {COMPILER_FLAGS = "-fobjc-arc"; }; };
		3BD16ED314E1B2F400F2249E /* hReader.xcdatamodeld in Sources */ = {isa = PBXBuildFile; fileRef = 3BD16ED114E1B2F400F2249E /* hReader.xcdatamodeld */; };
		3BD16ED614E1B32400F2249E /* CoreData.framework in Frameworks */ = {isa = PBXBuildFile; fileRef = 3BD16ED514E1B32400F2249E /* CoreData.framework */; };
		3BD16EF614E1B5EE00F2249E /* GCManagedObject.m in Sources */ = {isa = PBXBuildFile; fileRef = 3BD16EE514E1B5EE00F2249E /* GCManagedObject.m */; };
		3BD16F0514E1C5B700F2249E /* HRMPatient.m in Sources */ = {isa = PBXBuildFile; fileRef = 3BD16F0414E1C5B700F2249E /* HRMPatient.m */; };
		3BE9A40514E40EBB00F87B60 /* HRMEntry.m in Sources */ = {isa = PBXBuildFile; fileRef = 3BE9A40414E40EBB00F87B60 /* HRMEntry.m */; };
		3BE9A42D14E42A3800F87B60 /* hs.json in Resources */ = {isa = PBXBuildFile; fileRef = 3BE9A42814E42A3800F87B60 /* hs.json */; };
		3BE9A42E14E42A3800F87B60 /* js.json in Resources */ = {isa = PBXBuildFile; fileRef = 3BE9A42914E42A3800F87B60 /* js.json */; };
		3BE9A42F14E42A3800F87B60 /* ms.json in Resources */ = {isa = PBXBuildFile; fileRef = 3BE9A42A14E42A3800F87B60 /* ms.json */; };
		3BE9A43014E42A3800F87B60 /* ss.json in Resources */ = {isa = PBXBuildFile; fileRef = 3BE9A42B14E42A3800F87B60 /* ss.json */; };
		3BE9A43114E42A3800F87B60 /* ts.json in Resources */ = {isa = PBXBuildFile; fileRef = 3BE9A42C14E42A3800F87B60 /* ts.json */; };
		3BFBEE1A1534BEAA009EBA2D /* HRAppletTile.m in Sources */ = {isa = PBXBuildFile; fileRef = 3BFBEE191534BEAA009EBA2D /* HRAppletTile.m */; settings = {COMPILER_FLAGS = "-fobjc-arc"; }; };
		3BFBEE1C1534BF32009EBA2D /* HReaderApplets.plist in Resources */ = {isa = PBXBuildFile; fileRef = 3BFBEE1B1534BF32009EBA2D /* HReaderApplets.plist */; };
		3BFE7A2714DADE2B0037738D /* PINCodeBackground.png in Resources */ = {isa = PBXBuildFile; fileRef = 3BFE7A2114DADE2B0037738D /* PINCodeBackground.png */; };
		3BFE7A2814DADE2B0037738D /* PINCodeButton.png in Resources */ = {isa = PBXBuildFile; fileRef = 3BFE7A2214DADE2B0037738D /* PINCodeButton.png */; };
		3BFE7A2914DADE2B0037738D /* PINCodeDeleteButton.png in Resources */ = {isa = PBXBuildFile; fileRef = 3BFE7A2314DADE2B0037738D /* PINCodeDeleteButton.png */; };
		3BFE7A2A14DADE2B0037738D /* PINCodeStoryboard.storyboard in Resources */ = {isa = PBXBuildFile; fileRef = 3BFE7A2414DADE2B0037738D /* PINCodeStoryboard.storyboard */; };
		3BFE7A2B14DADE2B0037738D /* PINCodeViewController.m in Sources */ = {isa = PBXBuildFile; fileRef = 3BFE7A2614DADE2B0037738D /* PINCodeViewController.m */; };
		3BFE7A2E14DAE5910037738D /* Icon-72.png in Resources */ = {isa = PBXBuildFile; fileRef = 3BFE7A2D14DAE5910037738D /* Icon-72.png */; };
		94026FB414B4A8A600F40185 /* timeline in Resources */ = {isa = PBXBuildFile; fileRef = 94026FB314B4A8A600F40185 /* timeline */; };
		940C046C152B6ADF00834416 /* hs-synthetic.json in Resources */ = {isa = PBXBuildFile; fileRef = 940C0467152B6ADF00834416 /* hs-synthetic.json */; };
		940C046D152B6ADF00834416 /* js-synthetic.json in Resources */ = {isa = PBXBuildFile; fileRef = 940C0468152B6ADF00834416 /* js-synthetic.json */; };
		940C046E152B6ADF00834416 /* ms-synthetic.json in Resources */ = {isa = PBXBuildFile; fileRef = 940C0469152B6ADF00834416 /* ms-synthetic.json */; };
		940C046F152B6ADF00834416 /* ss-synthetic.json in Resources */ = {isa = PBXBuildFile; fileRef = 940C046A152B6ADF00834416 /* ss-synthetic.json */; };
		940C0470152B6ADF00834416 /* ts-synthetic.json in Resources */ = {isa = PBXBuildFile; fileRef = 940C046B152B6ADF00834416 /* ts-synthetic.json */; };
		940D3D3C14E056B800FE41E6 /* HRVital.m in Sources */ = {isa = PBXBuildFile; fileRef = 940D3D3B14E056B800FE41E6 /* HRVital.m */; };
		940D3D4114E0706C00FE41E6 /* HRWeight.m in Sources */ = {isa = PBXBuildFile; fileRef = 940D3D4014E0706C00FE41E6 /* HRWeight.m */; };
		940D3D4414E077A500FE41E6 /* HRBloodPressure.m in Sources */ = {isa = PBXBuildFile; fileRef = 940D3D4314E077A500FE41E6 /* HRBloodPressure.m */; };
		940D3D4A14E07CEA00FE41E6 /* HRCholesterol.m in Sources */ = {isa = PBXBuildFile; fileRef = 940D3D4914E07CEA00FE41E6 /* HRCholesterol.m */; };
		9413C74614EC08AA00BFA521 /* HRPatientSwipeControl.m in Sources */ = {isa = PBXBuildFile; fileRef = 9413C74514EC08AA00BFA521 /* HRPatientSwipeControl.m */; };
		9413C74914EC0B7800BFA521 /* HRPatientSwipeControl.xib in Resources */ = {isa = PBXBuildFile; fileRef = 9413C74814EC0B7800BFA521 /* HRPatientSwipeControl.xib */; };
		9415151F14A0E8FA009FF674 /* HRMessage.m in Sources */ = {isa = PBXBuildFile; fileRef = 9415151E14A0E8FA009FF674 /* HRMessage.m */; };
		9415152314AA3A7B009FF674 /* fail.png in Resources */ = {isa = PBXBuildFile; fileRef = 9415152114AA3A7B009FF674 /* fail.png */; };
		9415152414AA3A7B009FF674 /* win.png in Resources */ = {isa = PBXBuildFile; fileRef = 9415152214AA3A7B009FF674 /* win.png */; };
		9415152614AA3F9F009FF674 /* question_mark.png in Resources */ = {isa = PBXBuildFile; fileRef = 9415152514AA3F9F009FF674 /* question_mark.png */; };
		941DB0AD1471B32D00A96B8B /* UIKit.framework in Frameworks */ = {isa = PBXBuildFile; fileRef = 941DB0AC1471B32D00A96B8B /* UIKit.framework */; };
		941DB0AF1471B32D00A96B8B /* Foundation.framework in Frameworks */ = {isa = PBXBuildFile; fileRef = 941DB0AE1471B32D00A96B8B /* Foundation.framework */; };
		941DB0B11471B32D00A96B8B /* CoreGraphics.framework in Frameworks */ = {isa = PBXBuildFile; fileRef = 941DB0B01471B32D00A96B8B /* CoreGraphics.framework */; };
		941DB0B71471B32D00A96B8B /* InfoPlist.strings in Resources */ = {isa = PBXBuildFile; fileRef = 941DB0B51471B32D00A96B8B /* InfoPlist.strings */; };
		941DB0B91471B32D00A96B8B /* main.m in Sources */ = {isa = PBXBuildFile; fileRef = 941DB0B81471B32D00A96B8B /* main.m */; settings = {COMPILER_FLAGS = "-fobjc-arc"; }; };
		941DB0BD1471B32D00A96B8B /* HRAppDelegate.m in Sources */ = {isa = PBXBuildFile; fileRef = 941DB0BC1471B32D00A96B8B /* HRAppDelegate.m */; settings = {COMPILER_FLAGS = "-fobjc-arc"; }; };
		941DB0C01471B32D00A96B8B /* MainStoryboard_iPhone.storyboard in Resources */ = {isa = PBXBuildFile; fileRef = 941DB0BE1471B32D00A96B8B /* MainStoryboard_iPhone.storyboard */; };
		941DB0C31471B32D00A96B8B /* MainStoryboard_iPad.storyboard in Resources */ = {isa = PBXBuildFile; fileRef = 941DB0C11471B32D00A96B8B /* MainStoryboard_iPad.storyboard */; };
		941F253F14E2EC5D0077D6D1 /* HRVitalView.m in Sources */ = {isa = PBXBuildFile; fileRef = 941F253E14E2EC5D0077D6D1 /* HRVitalView.m */; settings = {COMPILER_FLAGS = "-fobjc-arc"; }; };
		941F254114E2EC7E0077D6D1 /* HRVitalView.xib in Resources */ = {isa = PBXBuildFile; fileRef = 941F254014E2EC7E0077D6D1 /* HRVitalView.xib */; };
		94334ACC152A249F00B4C904 /* HRKeyValueTableViewController.m in Sources */ = {isa = PBXBuildFile; fileRef = 94334ACB152A249F00B4C904 /* HRKeyValueTableViewController.m */; };
		9452D7F414FC167200021E69 /* HRProviderView.xib in Resources */ = {isa = PBXBuildFile; fileRef = 9452D7F314FC167200021E69 /* HRProviderView.xib */; };
		9452D7F714FC16DF00021E69 /* HRProviderView.m in Sources */ = {isa = PBXBuildFile; fileRef = 9452D7F614FC16DF00021E69 /* HRProviderView.m */; };
		945560D014BB892100A3DC43 /* DDXMLElementAdditions.m in Sources */ = {isa = PBXBuildFile; fileRef = 945560C314BB892100A3DC43 /* DDXMLElementAdditions.m */; };
		945560D114BB892100A3DC43 /* NSString+DDXML.m in Sources */ = {isa = PBXBuildFile; fileRef = 945560C614BB892100A3DC43 /* NSString+DDXML.m */; };
		945560D214BB892100A3DC43 /* DDXMLDocument.m in Sources */ = {isa = PBXBuildFile; fileRef = 945560C914BB892100A3DC43 /* DDXMLDocument.m */; };
		945560D314BB892100A3DC43 /* DDXMLElement.m in Sources */ = {isa = PBXBuildFile; fileRef = 945560CB14BB892100A3DC43 /* DDXMLElement.m */; };
		945560D414BB892100A3DC43 /* DDXMLNode.m in Sources */ = {isa = PBXBuildFile; fileRef = 945560CD14BB892100A3DC43 /* DDXMLNode.m */; };
		945560D714BB89B400A3DC43 /* HREncounter.m in Sources */ = {isa = PBXBuildFile; fileRef = 945560D614BB89B400A3DC43 /* HREncounter.m */; };
		9464C5881476BDAE0076B991 /* C32-Smith-Johnny.html in Resources */ = {isa = PBXBuildFile; fileRef = 9464C5861476BDAE0076B991 /* C32-Smith-Johnny.html */; };
		9467077314E3182E00ACEA67 /* HRPeakFlow.m in Sources */ = {isa = PBXBuildFile; fileRef = 9467077214E3182D00ACEA67 /* HRPeakFlow.m */; };
		9467077614E318ED00ACEA67 /* HRHeight.m in Sources */ = {isa = PBXBuildFile; fileRef = 9467077514E318ED00ACEA67 /* HRHeight.m */; };
		9467077914E31A6200ACEA67 /* HRBMI.m in Sources */ = {isa = PBXBuildFile; fileRef = 9467077814E31A6200ACEA67 /* HRBMI.m */; };
		9467077C14E31CD400ACEA67 /* HRGlucose.m in Sources */ = {isa = PBXBuildFile; fileRef = 9467077B14E31CD300ACEA67 /* HRGlucose.m */; };
		94689AC314964BE400E1FCA6 /* libTestFlight.a in Frameworks */ = {isa = PBXBuildFile; fileRef = 94689ABF14964BE400E1FCA6 /* libTestFlight.a */; };
		94689AC414964BE400E1FCA6 /* README.txt in Resources */ = {isa = PBXBuildFile; fileRef = 94689AC014964BE400E1FCA6 /* README.txt */; };
		94689AC514964BE400E1FCA6 /* release_notes.txt in Resources */ = {isa = PBXBuildFile; fileRef = 94689AC114964BE400E1FCA6 /* release_notes.txt */; };
		94689ACB1496560C00E1FCA6 /* HRAboutTableViewController.m in Sources */ = {isa = PBXBuildFile; fileRef = 94689ACA1496560C00E1FCA6 /* HRAboutTableViewController.m */; settings = {COMPILER_FLAGS = "-fobjc-arc"; }; };
		94689AD714967E3600E1FCA6 /* HRC32ViewController.m in Sources */ = {isa = PBXBuildFile; fileRef = 94689AD514967E3600E1FCA6 /* HRC32ViewController.m */; };
		947EF75B14D058E000A2AF97 /* HRMedication.m in Sources */ = {isa = PBXBuildFile; fileRef = 947EF75A14D058E000A2AF97 /* HRMedication.m */; };
		947EF75E14D059AF00A2AF97 /* HRCondition.m in Sources */ = {isa = PBXBuildFile; fileRef = 947EF75D14D059AF00A2AF97 /* HRCondition.m */; };
		947FCE4614B4C18600C716FD /* chevron-left.png in Resources */ = {isa = PBXBuildFile; fileRef = 947FCE4514B4C18600C716FD /* chevron-left.png */; };
		947FCE4B14B4C76700C716FD /* HRPrivacyViewController.m in Sources */ = {isa = PBXBuildFile; fileRef = 947FCE4914B4C76700C716FD /* HRPrivacyViewController.m */; };
		947FCE4C14B4C76700C716FD /* HRPrivacyViewController.xib in Resources */ = {isa = PBXBuildFile; fileRef = 947FCE4A14B4C76700C716FD /* HRPrivacyViewController.xib */; };
		947FCE5914B4D7E400C716FD /* AudioToolbox.framework in Frameworks */ = {isa = PBXBuildFile; fileRef = 947FCE5814B4D7E400C716FD /* AudioToolbox.framework */; };
		94AACF96153330A2005E3851 /* HRGridTableViewCell.m in Sources */ = {isa = PBXBuildFile; fileRef = 94AACF95153330A2005E3851 /* HRGridTableViewCell.m */; settings = {COMPILER_FLAGS = "-fobjc-arc"; }; };
		94AACF9D15334A1D005E3851 /* HRGridTableView.m in Sources */ = {isa = PBXBuildFile; fileRef = 94AACF9C15334A1D005E3851 /* HRGridTableView.m */; settings = {COMPILER_FLAGS = "-fobjc-arc"; }; };
		94AEA7401529F2DC00D9C67D /* GCActionSheet.m in Sources */ = {isa = PBXBuildFile; fileRef = 94AEA73F1529F2DC00D9C67D /* GCActionSheet.m */; };
		94AEAE0914868BC200C005B2 /* HRRootViewController.m in Sources */ = {isa = PBXBuildFile; fileRef = 94AEAE0814868BC200C005B2 /* HRRootViewController.m */; settings = {COMPILER_FLAGS = "-fobjc-arc"; }; };
		94AEAE10148690DA00C005B2 /* HRPatientSummaryViewController.m in Sources */ = {isa = PBXBuildFile; fileRef = 94AEAE0E148690DA00C005B2 /* HRPatientSummaryViewController.m */; settings = {COMPILER_FLAGS = "-fobjc-arc"; }; };
		94AEAE11148690DA00C005B2 /* HRPatientSummaryViewController.xib in Resources */ = {isa = PBXBuildFile; fileRef = 94AEAE0F148690DA00C005B2 /* HRPatientSummaryViewController.xib */; };
		94BB031E14969675009B2FCC /* HRAddress.m in Sources */ = {isa = PBXBuildFile; fileRef = 94BB031D14969675009B2FCC /* HRAddress.m */; };
		94BB0326149BAF25009B2FCC /* HRPasscodeManager.m in Sources */ = {isa = PBXBuildFile; fileRef = 94BB0325149BAF25009B2FCC /* HRPasscodeManager.m */; };
		94BB032C149BB393009B2FCC /* HRPasscodeWarningViewController.m in Sources */ = {isa = PBXBuildFile; fileRef = 94BB032A149BB392009B2FCC /* HRPasscodeWarningViewController.m */; };
		94BB032D149BB393009B2FCC /* HRPasscodeWarningViewController.xib in Resources */ = {isa = PBXBuildFile; fileRef = 94BB032B149BB393009B2FCC /* HRPasscodeWarningViewController.xib */; };
		94E84E7014FEBC390091B0A1 /* NSArray+Collect.m in Sources */ = {isa = PBXBuildFile; fileRef = 94E84E6F14FEBC390091B0A1 /* NSArray+Collect.m */; };
		94EBD55114FE7A6200A3AF66 /* ASBSparkLineView.m in Sources */ = {isa = PBXBuildFile; fileRef = 94EBD55014FE7A6200A3AF66 /* ASBSparkLineView.m */; settings = {COMPILER_FLAGS = "-fobjc-arc"; }; };
		94F4CB611507BD0A00EFEA43 /* PINSecurityQuestionsViewController.m in Sources */ = {isa = PBXBuildFile; fileRef = 94F4CB601507BD0A00EFEA43 /* PINSecurityQuestionsViewController.m */; };
		94F4CB651507E87E00EFEA43 /* PINCodeTextField.m in Sources */ = {isa = PBXBuildFile; fileRef = 94F4CB641507E87E00EFEA43 /* PINCodeTextField.m */; };
		DD124DAE148D3EF300E23A44 /* Doctor.png in Resources */ = {isa = PBXBuildFile; fileRef = DD124DAD148D3EF300E23A44 /* Doctor.png */; };
		DD5597C114897DE2006A0D1D /* HRDoctorsViewController.m in Sources */ = {isa = PBXBuildFile; fileRef = DD5597BF14897DE2006A0D1D /* HRDoctorsViewController.m */; settings = {COMPILER_FLAGS = "-fobjc-arc"; }; };
		DD5597C214897DE2006A0D1D /* HRDoctorsViewController_old.xib in Resources */ = {isa = PBXBuildFile; fileRef = DD5597C014897DE2006A0D1D /* HRDoctorsViewController_old.xib */; };
		DD695D7C1489439100E4E2E1 /* HRTimelineViewController.m in Sources */ = {isa = PBXBuildFile; fileRef = DD695D7A1489439100E4E2E1 /* HRTimelineViewController.m */; };
		DD695D7D1489439100E4E2E1 /* HRTimelineViewController.xib in Resources */ = {isa = PBXBuildFile; fileRef = DD695D7B1489439100E4E2E1 /* HRTimelineViewController.xib */; };
		DD695D8514897C2200E4E2E1 /* HRMessagesViewController.m in Sources */ = {isa = PBXBuildFile; fileRef = DD695D8314897C2200E4E2E1 /* HRMessagesViewController.m */; settings = {COMPILER_FLAGS = "-fobjc-arc"; }; };
		DD695D8614897C2200E4E2E1 /* HRMessagesViewController.xib in Resources */ = {isa = PBXBuildFile; fileRef = DD695D8414897C2200E4E2E1 /* HRMessagesViewController.xib */; };
		DD8BD9DB148D13910090F729 /* chevron.png in Resources */ = {isa = PBXBuildFile; fileRef = DD8BD9DA148D13910090F729 /* chevron.png */; };
		DD8BD9E2148D1D660090F729 /* UserImage-Smith-Henry.png in Resources */ = {isa = PBXBuildFile; fileRef = DD8BD9DD148D1D660090F729 /* UserImage-Smith-Henry.png */; };
		DD8BD9E3148D1D660090F729 /* UserImage-Smith-Johnny.png in Resources */ = {isa = PBXBuildFile; fileRef = DD8BD9DE148D1D660090F729 /* UserImage-Smith-Johnny.png */; };
		DD8BD9E4148D1D660090F729 /* UserImage-Smith-Molly.png in Resources */ = {isa = PBXBuildFile; fileRef = DD8BD9DF148D1D660090F729 /* UserImage-Smith-Molly.png */; };
		DD8BD9E5148D1D660090F729 /* UserImage-Smith-Sarah.png in Resources */ = {isa = PBXBuildFile; fileRef = DD8BD9E0148D1D660090F729 /* UserImage-Smith-Sarah.png */; };
		DD8BD9E6148D1D660090F729 /* UserImage-Smith-Tom.png in Resources */ = {isa = PBXBuildFile; fileRef = DD8BD9E1148D1D660090F729 /* UserImage-Smith-Tom.png */; };
		DD8BD9F2148D2BDC0090F729 /* HRConfig.m in Sources */ = {isa = PBXBuildFile; fileRef = DD8BD9F1148D2BDC0090F729 /* HRConfig.m */; };
/* End PBXBuildFile section */

/* Begin PBXFileReference section */
		3B04A55114E0692600AD91F9 /* SSKeychain.h */ = {isa = PBXFileReference; fileEncoding = 4; lastKnownFileType = sourcecode.c.h; path = SSKeychain.h; sourceTree = "<group>"; };
		3B04A55214E0692600AD91F9 /* SSKeychain.m */ = {isa = PBXFileReference; fileEncoding = 4; lastKnownFileType = sourcecode.c.objc; path = SSKeychain.m; sourceTree = "<group>"; };
		3B04A56814E06A3A00AD91F9 /* Security.framework */ = {isa = PBXFileReference; lastKnownFileType = wrapper.framework; name = Security.framework; path = System/Library/Frameworks/Security.framework; sourceTree = SDKROOT; };
		3B19651A14EEA6200045F827 /* Logo.png */ = {isa = PBXFileReference; lastKnownFileType = image.png; path = Logo.png; sourceTree = "<group>"; };
		3B19651C14EEAB970045F827 /* C32-Smith-Henry.html */ = {isa = PBXFileReference; fileEncoding = 4; lastKnownFileType = text.html; path = "C32-Smith-Henry.html"; sourceTree = "<group>"; };
		3B19651D14EEAB970045F827 /* C32-Smith-Molly.html */ = {isa = PBXFileReference; fileEncoding = 4; lastKnownFileType = text.html; path = "C32-Smith-Molly.html"; sourceTree = "<group>"; };
		3B19651E14EEAB970045F827 /* C32-Smith-Sarah.html */ = {isa = PBXFileReference; fileEncoding = 4; lastKnownFileType = text.html; path = "C32-Smith-Sarah.html"; sourceTree = "<group>"; };
		3B19651F14EEAB970045F827 /* C32-Smith-Tom.html */ = {isa = PBXFileReference; fileEncoding = 4; lastKnownFileType = text.html; path = "C32-Smith-Tom.html"; sourceTree = "<group>"; };
		3B3C919314F69F61005CD5C5 /* NSDate+FormattedDate.h */ = {isa = PBXFileReference; fileEncoding = 4; lastKnownFileType = sourcecode.c.h; path = "NSDate+FormattedDate.h"; sourceTree = "<group>"; };
		3B3C919414F69F61005CD5C5 /* NSDate+FormattedDate.m */ = {isa = PBXFileReference; fileEncoding = 4; lastKnownFileType = sourcecode.c.objc; path = "NSDate+FormattedDate.m"; sourceTree = "<group>"; };
		3BB9C27D151B8AEF00527C20 /* HRKeychainManager.h */ = {isa = PBXFileReference; fileEncoding = 4; lastKnownFileType = sourcecode.c.h; path = HRKeychainManager.h; sourceTree = "<group>"; };
		3BB9C27E151B8AEF00527C20 /* HRKeychainManager.m */ = {isa = PBXFileReference; fileEncoding = 4; lastKnownFileType = sourcecode.c.objc; path = HRKeychainManager.m; sourceTree = "<group>"; };
		3BD16ED214E1B2F400F2249E /* hReader.xcdatamodel */ = {isa = PBXFileReference; lastKnownFileType = wrapper.xcdatamodel; path = hReader.xcdatamodel; sourceTree = "<group>"; };
		3BD16ED514E1B32400F2249E /* CoreData.framework */ = {isa = PBXFileReference; lastKnownFileType = wrapper.framework; name = CoreData.framework; path = System/Library/Frameworks/CoreData.framework; sourceTree = SDKROOT; };
		3BD16EE414E1B5EE00F2249E /* GCManagedObject.h */ = {isa = PBXFileReference; fileEncoding = 4; lastKnownFileType = sourcecode.c.h; path = GCManagedObject.h; sourceTree = "<group>"; };
		3BD16EE514E1B5EE00F2249E /* GCManagedObject.m */ = {isa = PBXFileReference; fileEncoding = 4; lastKnownFileType = sourcecode.c.objc; path = GCManagedObject.m; sourceTree = "<group>"; };
		3BD16F0314E1C5B700F2249E /* HRMPatient.h */ = {isa = PBXFileReference; fileEncoding = 4; lastKnownFileType = sourcecode.c.h; path = HRMPatient.h; sourceTree = "<group>"; };
		3BD16F0414E1C5B700F2249E /* HRMPatient.m */ = {isa = PBXFileReference; fileEncoding = 4; lastKnownFileType = sourcecode.c.objc; path = HRMPatient.m; sourceTree = "<group>"; };
		3BE9A40314E40EBB00F87B60 /* HRMEntry.h */ = {isa = PBXFileReference; fileEncoding = 4; lastKnownFileType = sourcecode.c.h; path = HRMEntry.h; sourceTree = "<group>"; };
		3BE9A40414E40EBB00F87B60 /* HRMEntry.m */ = {isa = PBXFileReference; fileEncoding = 4; lastKnownFileType = sourcecode.c.objc; path = HRMEntry.m; sourceTree = "<group>"; };
		3BE9A42814E42A3800F87B60 /* hs.json */ = {isa = PBXFileReference; fileEncoding = 4; lastKnownFileType = text.json; path = hs.json; sourceTree = "<group>"; };
		3BE9A42914E42A3800F87B60 /* js.json */ = {isa = PBXFileReference; fileEncoding = 4; lastKnownFileType = text.json; path = js.json; sourceTree = "<group>"; };
		3BE9A42A14E42A3800F87B60 /* ms.json */ = {isa = PBXFileReference; fileEncoding = 4; lastKnownFileType = text.json; path = ms.json; sourceTree = "<group>"; };
		3BE9A42B14E42A3800F87B60 /* ss.json */ = {isa = PBXFileReference; fileEncoding = 4; lastKnownFileType = text.json; path = ss.json; sourceTree = "<group>"; };
		3BE9A42C14E42A3800F87B60 /* ts.json */ = {isa = PBXFileReference; fileEncoding = 4; lastKnownFileType = text.json; path = ts.json; sourceTree = "<group>"; };
		3BFBEE161534BD33009EBA2D /* HReader.entitlements */ = {isa = PBXFileReference; lastKnownFileType = text.xml; path = HReader.entitlements; sourceTree = "<group>"; };
		3BFBEE181534BEAA009EBA2D /* HRAppletTile.h */ = {isa = PBXFileReference; fileEncoding = 4; lastKnownFileType = sourcecode.c.h; path = HRAppletTile.h; sourceTree = "<group>"; };
		3BFBEE191534BEAA009EBA2D /* HRAppletTile.m */ = {isa = PBXFileReference; fileEncoding = 4; lastKnownFileType = sourcecode.c.objc; path = HRAppletTile.m; sourceTree = "<group>"; };
		3BFBEE1B1534BF32009EBA2D /* HReaderApplets.plist */ = {isa = PBXFileReference; fileEncoding = 4; lastKnownFileType = text.plist.xml; path = HReaderApplets.plist; sourceTree = "<group>"; };
		3BFE7A2114DADE2B0037738D /* PINCodeBackground.png */ = {isa = PBXFileReference; lastKnownFileType = image.png; path = PINCodeBackground.png; sourceTree = "<group>"; };
		3BFE7A2214DADE2B0037738D /* PINCodeButton.png */ = {isa = PBXFileReference; lastKnownFileType = image.png; path = PINCodeButton.png; sourceTree = "<group>"; };
		3BFE7A2314DADE2B0037738D /* PINCodeDeleteButton.png */ = {isa = PBXFileReference; lastKnownFileType = image.png; path = PINCodeDeleteButton.png; sourceTree = "<group>"; };
		3BFE7A2414DADE2B0037738D /* PINCodeStoryboard.storyboard */ = {isa = PBXFileReference; fileEncoding = 4; lastKnownFileType = file.storyboard; path = PINCodeStoryboard.storyboard; sourceTree = "<group>"; };
		3BFE7A2514DADE2B0037738D /* PINCodeViewController.h */ = {isa = PBXFileReference; fileEncoding = 4; lastKnownFileType = sourcecode.c.h; path = PINCodeViewController.h; sourceTree = "<group>"; };
		3BFE7A2614DADE2B0037738D /* PINCodeViewController.m */ = {isa = PBXFileReference; fileEncoding = 4; lastKnownFileType = sourcecode.c.objc; path = PINCodeViewController.m; sourceTree = "<group>"; };
		3BFE7A2D14DAE5910037738D /* Icon-72.png */ = {isa = PBXFileReference; lastKnownFileType = image.png; path = "Icon-72.png"; sourceTree = "<group>"; };
		94026FB314B4A8A600F40185 /* timeline */ = {isa = PBXFileReference; lastKnownFileType = folder; path = timeline; sourceTree = "<group>"; };
		940C0467152B6ADF00834416 /* hs-synthetic.json */ = {isa = PBXFileReference; fileEncoding = 4; lastKnownFileType = text.json; path = "hs-synthetic.json"; sourceTree = "<group>"; };
		940C0468152B6ADF00834416 /* js-synthetic.json */ = {isa = PBXFileReference; fileEncoding = 4; lastKnownFileType = text.json; path = "js-synthetic.json"; sourceTree = "<group>"; };
		940C0469152B6ADF00834416 /* ms-synthetic.json */ = {isa = PBXFileReference; fileEncoding = 4; lastKnownFileType = text.json; path = "ms-synthetic.json"; sourceTree = "<group>"; };
		940C046A152B6ADF00834416 /* ss-synthetic.json */ = {isa = PBXFileReference; fileEncoding = 4; lastKnownFileType = text.json; path = "ss-synthetic.json"; sourceTree = "<group>"; };
		940C046B152B6ADF00834416 /* ts-synthetic.json */ = {isa = PBXFileReference; fileEncoding = 4; lastKnownFileType = text.json; path = "ts-synthetic.json"; sourceTree = "<group>"; };
		940D3D3A14E056B800FE41E6 /* HRVital.h */ = {isa = PBXFileReference; fileEncoding = 4; lastKnownFileType = sourcecode.c.h; path = HRVital.h; sourceTree = "<group>"; };
		940D3D3B14E056B800FE41E6 /* HRVital.m */ = {isa = PBXFileReference; fileEncoding = 4; lastKnownFileType = sourcecode.c.objc; path = HRVital.m; sourceTree = "<group>"; };
		940D3D3F14E0706C00FE41E6 /* HRWeight.h */ = {isa = PBXFileReference; fileEncoding = 4; lastKnownFileType = sourcecode.c.h; path = HRWeight.h; sourceTree = "<group>"; };
		940D3D4014E0706C00FE41E6 /* HRWeight.m */ = {isa = PBXFileReference; fileEncoding = 4; lastKnownFileType = sourcecode.c.objc; path = HRWeight.m; sourceTree = "<group>"; };
		940D3D4214E077A500FE41E6 /* HRBloodPressure.h */ = {isa = PBXFileReference; fileEncoding = 4; lastKnownFileType = sourcecode.c.h; path = HRBloodPressure.h; sourceTree = "<group>"; };
		940D3D4314E077A500FE41E6 /* HRBloodPressure.m */ = {isa = PBXFileReference; fileEncoding = 4; lastKnownFileType = sourcecode.c.objc; path = HRBloodPressure.m; sourceTree = "<group>"; };
		940D3D4814E07CEA00FE41E6 /* HRCholesterol.h */ = {isa = PBXFileReference; fileEncoding = 4; lastKnownFileType = sourcecode.c.h; path = HRCholesterol.h; sourceTree = "<group>"; };
		940D3D4914E07CEA00FE41E6 /* HRCholesterol.m */ = {isa = PBXFileReference; fileEncoding = 4; lastKnownFileType = sourcecode.c.objc; path = HRCholesterol.m; sourceTree = "<group>"; };
		9413C74414EC08AA00BFA521 /* HRPatientSwipeControl.h */ = {isa = PBXFileReference; fileEncoding = 4; lastKnownFileType = sourcecode.c.h; path = HRPatientSwipeControl.h; sourceTree = "<group>"; };
		9413C74514EC08AA00BFA521 /* HRPatientSwipeControl.m */ = {isa = PBXFileReference; fileEncoding = 4; lastKnownFileType = sourcecode.c.objc; path = HRPatientSwipeControl.m; sourceTree = "<group>"; };
		9413C74814EC0B7800BFA521 /* HRPatientSwipeControl.xib */ = {isa = PBXFileReference; fileEncoding = 4; lastKnownFileType = file.xib; path = HRPatientSwipeControl.xib; sourceTree = "<group>"; };
		9415151D14A0E8FA009FF674 /* HRMessage.h */ = {isa = PBXFileReference; fileEncoding = 4; lastKnownFileType = sourcecode.c.h; path = HRMessage.h; sourceTree = "<group>"; };
		9415151E14A0E8FA009FF674 /* HRMessage.m */ = {isa = PBXFileReference; fileEncoding = 4; lastKnownFileType = sourcecode.c.objc; path = HRMessage.m; sourceTree = "<group>"; };
		9415152114AA3A7B009FF674 /* fail.png */ = {isa = PBXFileReference; lastKnownFileType = image.png; path = fail.png; sourceTree = "<group>"; };
		9415152214AA3A7B009FF674 /* win.png */ = {isa = PBXFileReference; lastKnownFileType = image.png; path = win.png; sourceTree = "<group>"; };
		9415152514AA3F9F009FF674 /* question_mark.png */ = {isa = PBXFileReference; lastKnownFileType = image.png; path = question_mark.png; sourceTree = "<group>"; };
		941DB0A81471B32D00A96B8B /* HReader.app */ = {isa = PBXFileReference; explicitFileType = wrapper.application; includeInIndex = 0; path = HReader.app; sourceTree = BUILT_PRODUCTS_DIR; };
		941DB0AC1471B32D00A96B8B /* UIKit.framework */ = {isa = PBXFileReference; lastKnownFileType = wrapper.framework; name = UIKit.framework; path = System/Library/Frameworks/UIKit.framework; sourceTree = SDKROOT; };
		941DB0AE1471B32D00A96B8B /* Foundation.framework */ = {isa = PBXFileReference; lastKnownFileType = wrapper.framework; name = Foundation.framework; path = System/Library/Frameworks/Foundation.framework; sourceTree = SDKROOT; };
		941DB0B01471B32D00A96B8B /* CoreGraphics.framework */ = {isa = PBXFileReference; lastKnownFileType = wrapper.framework; name = CoreGraphics.framework; path = System/Library/Frameworks/CoreGraphics.framework; sourceTree = SDKROOT; };
		941DB0B41471B32D00A96B8B /* HReader-Info.plist */ = {isa = PBXFileReference; lastKnownFileType = text.plist.xml; path = "HReader-Info.plist"; sourceTree = "<group>"; };
		941DB0B61471B32D00A96B8B /* en */ = {isa = PBXFileReference; lastKnownFileType = text.plist.strings; name = en; path = en.lproj/InfoPlist.strings; sourceTree = "<group>"; };
		941DB0B81471B32D00A96B8B /* main.m */ = {isa = PBXFileReference; lastKnownFileType = sourcecode.c.objc; path = main.m; sourceTree = "<group>"; };
		941DB0BA1471B32D00A96B8B /* HReader-Prefix.pch */ = {isa = PBXFileReference; lastKnownFileType = sourcecode.c.h; path = "HReader-Prefix.pch"; sourceTree = "<group>"; };
		941DB0BB1471B32D00A96B8B /* HRAppDelegate.h */ = {isa = PBXFileReference; lastKnownFileType = sourcecode.c.h; path = HRAppDelegate.h; sourceTree = "<group>"; };
		941DB0BC1471B32D00A96B8B /* HRAppDelegate.m */ = {isa = PBXFileReference; lastKnownFileType = sourcecode.c.objc; path = HRAppDelegate.m; sourceTree = "<group>"; };
		941DB0BF1471B32D00A96B8B /* en */ = {isa = PBXFileReference; lastKnownFileType = file.storyboard; name = en; path = en.lproj/MainStoryboard_iPhone.storyboard; sourceTree = "<group>"; };
		941DB0C21471B32D00A96B8B /* en */ = {isa = PBXFileReference; lastKnownFileType = file.storyboard; name = en; path = en.lproj/MainStoryboard_iPad.storyboard; sourceTree = "<group>"; };
		941F253D14E2EC5D0077D6D1 /* HRVitalView.h */ = {isa = PBXFileReference; fileEncoding = 4; lastKnownFileType = sourcecode.c.h; path = HRVitalView.h; sourceTree = "<group>"; };
		941F253E14E2EC5D0077D6D1 /* HRVitalView.m */ = {isa = PBXFileReference; fileEncoding = 4; lastKnownFileType = sourcecode.c.objc; path = HRVitalView.m; sourceTree = "<group>"; };
		941F254014E2EC7E0077D6D1 /* HRVitalView.xib */ = {isa = PBXFileReference; fileEncoding = 4; lastKnownFileType = file.xib; path = HRVitalView.xib; sourceTree = "<group>"; };
		94334ACA152A249F00B4C904 /* HRKeyValueTableViewController.h */ = {isa = PBXFileReference; fileEncoding = 4; lastKnownFileType = sourcecode.c.h; path = HRKeyValueTableViewController.h; sourceTree = "<group>"; };
		94334ACB152A249F00B4C904 /* HRKeyValueTableViewController.m */ = {isa = PBXFileReference; fileEncoding = 4; lastKnownFileType = sourcecode.c.objc; path = HRKeyValueTableViewController.m; sourceTree = "<group>"; };
		9452D7F314FC167200021E69 /* HRProviderView.xib */ = {isa = PBXFileReference; fileEncoding = 4; lastKnownFileType = file.xib; path = HRProviderView.xib; sourceTree = "<group>"; };
		9452D7F514FC16DF00021E69 /* HRProviderView.h */ = {isa = PBXFileReference; fileEncoding = 4; lastKnownFileType = sourcecode.c.h; path = HRProviderView.h; sourceTree = "<group>"; };
		9452D7F614FC16DF00021E69 /* HRProviderView.m */ = {isa = PBXFileReference; fileEncoding = 4; lastKnownFileType = sourcecode.c.objc; path = HRProviderView.m; sourceTree = "<group>"; };
		945560C214BB892100A3DC43 /* DDXMLElementAdditions.h */ = {isa = PBXFileReference; fileEncoding = 4; lastKnownFileType = sourcecode.c.h; path = DDXMLElementAdditions.h; sourceTree = "<group>"; };
		945560C314BB892100A3DC43 /* DDXMLElementAdditions.m */ = {isa = PBXFileReference; fileEncoding = 4; lastKnownFileType = sourcecode.c.objc; path = DDXMLElementAdditions.m; sourceTree = "<group>"; };
		945560C514BB892100A3DC43 /* NSString+DDXML.h */ = {isa = PBXFileReference; fileEncoding = 4; lastKnownFileType = sourcecode.c.h; path = "NSString+DDXML.h"; sourceTree = "<group>"; };
		945560C614BB892100A3DC43 /* NSString+DDXML.m */ = {isa = PBXFileReference; fileEncoding = 4; lastKnownFileType = sourcecode.c.objc; path = "NSString+DDXML.m"; sourceTree = "<group>"; };
		945560C714BB892100A3DC43 /* DDXML.h */ = {isa = PBXFileReference; fileEncoding = 4; lastKnownFileType = sourcecode.c.h; name = DDXML.h; path = vendor/KissXML/KissXML/DDXML.h; sourceTree = "<group>"; };
		945560C814BB892100A3DC43 /* DDXMLDocument.h */ = {isa = PBXFileReference; fileEncoding = 4; lastKnownFileType = sourcecode.c.h; name = DDXMLDocument.h; path = vendor/KissXML/KissXML/DDXMLDocument.h; sourceTree = "<group>"; };
		945560C914BB892100A3DC43 /* DDXMLDocument.m */ = {isa = PBXFileReference; fileEncoding = 4; lastKnownFileType = sourcecode.c.objc; name = DDXMLDocument.m; path = vendor/KissXML/KissXML/DDXMLDocument.m; sourceTree = "<group>"; };
		945560CA14BB892100A3DC43 /* DDXMLElement.h */ = {isa = PBXFileReference; fileEncoding = 4; lastKnownFileType = sourcecode.c.h; name = DDXMLElement.h; path = vendor/KissXML/KissXML/DDXMLElement.h; sourceTree = "<group>"; };
		945560CB14BB892100A3DC43 /* DDXMLElement.m */ = {isa = PBXFileReference; fileEncoding = 4; lastKnownFileType = sourcecode.c.objc; name = DDXMLElement.m; path = vendor/KissXML/KissXML/DDXMLElement.m; sourceTree = "<group>"; };
		945560CC14BB892100A3DC43 /* DDXMLNode.h */ = {isa = PBXFileReference; fileEncoding = 4; lastKnownFileType = sourcecode.c.h; name = DDXMLNode.h; path = vendor/KissXML/KissXML/DDXMLNode.h; sourceTree = "<group>"; };
		945560CD14BB892100A3DC43 /* DDXMLNode.m */ = {isa = PBXFileReference; fileEncoding = 4; lastKnownFileType = sourcecode.c.objc; name = DDXMLNode.m; path = vendor/KissXML/KissXML/DDXMLNode.m; sourceTree = "<group>"; };
		945560CF14BB892100A3DC43 /* DDXMLPrivate.h */ = {isa = PBXFileReference; fileEncoding = 4; lastKnownFileType = sourcecode.c.h; path = DDXMLPrivate.h; sourceTree = "<group>"; };
		945560D514BB89B400A3DC43 /* HREncounter.h */ = {isa = PBXFileReference; fileEncoding = 4; lastKnownFileType = sourcecode.c.h; path = HREncounter.h; sourceTree = "<group>"; };
		945560D614BB89B400A3DC43 /* HREncounter.m */ = {isa = PBXFileReference; fileEncoding = 4; lastKnownFileType = sourcecode.c.objc; path = HREncounter.m; sourceTree = "<group>"; };
		9464C5861476BDAE0076B991 /* C32-Smith-Johnny.html */ = {isa = PBXFileReference; fileEncoding = 4; lastKnownFileType = text.html; path = "C32-Smith-Johnny.html"; sourceTree = "<group>"; };
		9467077114E3182D00ACEA67 /* HRPeakFlow.h */ = {isa = PBXFileReference; fileEncoding = 4; lastKnownFileType = sourcecode.c.h; path = HRPeakFlow.h; sourceTree = "<group>"; };
		9467077214E3182D00ACEA67 /* HRPeakFlow.m */ = {isa = PBXFileReference; fileEncoding = 4; lastKnownFileType = sourcecode.c.objc; path = HRPeakFlow.m; sourceTree = "<group>"; };
		9467077414E318ED00ACEA67 /* HRHeight.h */ = {isa = PBXFileReference; fileEncoding = 4; lastKnownFileType = sourcecode.c.h; path = HRHeight.h; sourceTree = "<group>"; };
		9467077514E318ED00ACEA67 /* HRHeight.m */ = {isa = PBXFileReference; fileEncoding = 4; lastKnownFileType = sourcecode.c.objc; path = HRHeight.m; sourceTree = "<group>"; };
		9467077714E31A6200ACEA67 /* HRBMI.h */ = {isa = PBXFileReference; fileEncoding = 4; lastKnownFileType = sourcecode.c.h; path = HRBMI.h; sourceTree = "<group>"; };
		9467077814E31A6200ACEA67 /* HRBMI.m */ = {isa = PBXFileReference; fileEncoding = 4; lastKnownFileType = sourcecode.c.objc; path = HRBMI.m; sourceTree = "<group>"; };
		9467077A14E31CD300ACEA67 /* HRGlucose.h */ = {isa = PBXFileReference; fileEncoding = 4; lastKnownFileType = sourcecode.c.h; path = HRGlucose.h; sourceTree = "<group>"; };
		9467077B14E31CD300ACEA67 /* HRGlucose.m */ = {isa = PBXFileReference; fileEncoding = 4; lastKnownFileType = sourcecode.c.objc; path = HRGlucose.m; sourceTree = "<group>"; };
		94689ABF14964BE400E1FCA6 /* libTestFlight.a */ = {isa = PBXFileReference; lastKnownFileType = archive.ar; name = libTestFlight.a; path = vendor/TestFlight/libTestFlight.a; sourceTree = "<group>"; };
		94689AC014964BE400E1FCA6 /* README.txt */ = {isa = PBXFileReference; fileEncoding = 4; lastKnownFileType = text; name = README.txt; path = vendor/TestFlight/README.txt; sourceTree = "<group>"; };
		94689AC114964BE400E1FCA6 /* release_notes.txt */ = {isa = PBXFileReference; fileEncoding = 4; lastKnownFileType = text; name = release_notes.txt; path = vendor/TestFlight/release_notes.txt; sourceTree = "<group>"; };
		94689AC214964BE400E1FCA6 /* TestFlight.h */ = {isa = PBXFileReference; fileEncoding = 4; lastKnownFileType = sourcecode.c.h; name = TestFlight.h; path = vendor/TestFlight/TestFlight.h; sourceTree = "<group>"; };
		94689AC91496560C00E1FCA6 /* HRAboutTableViewController.h */ = {isa = PBXFileReference; fileEncoding = 4; lastKnownFileType = sourcecode.c.h; path = HRAboutTableViewController.h; sourceTree = "<group>"; };
		94689ACA1496560C00E1FCA6 /* HRAboutTableViewController.m */ = {isa = PBXFileReference; fileEncoding = 4; lastKnownFileType = sourcecode.c.objc; path = HRAboutTableViewController.m; sourceTree = "<group>"; };
		94689AD414967E3600E1FCA6 /* HRC32ViewController.h */ = {isa = PBXFileReference; fileEncoding = 4; lastKnownFileType = sourcecode.c.h; path = HRC32ViewController.h; sourceTree = "<group>"; };
		94689AD514967E3600E1FCA6 /* HRC32ViewController.m */ = {isa = PBXFileReference; fileEncoding = 4; lastKnownFileType = sourcecode.c.objc; path = HRC32ViewController.m; sourceTree = "<group>"; };
		947EF75914D058E000A2AF97 /* HRMedication.h */ = {isa = PBXFileReference; fileEncoding = 4; lastKnownFileType = sourcecode.c.h; path = HRMedication.h; sourceTree = "<group>"; };
		947EF75A14D058E000A2AF97 /* HRMedication.m */ = {isa = PBXFileReference; fileEncoding = 4; lastKnownFileType = sourcecode.c.objc; path = HRMedication.m; sourceTree = "<group>"; };
		947EF75C14D059AF00A2AF97 /* HRCondition.h */ = {isa = PBXFileReference; fileEncoding = 4; lastKnownFileType = sourcecode.c.h; path = HRCondition.h; sourceTree = "<group>"; };
		947EF75D14D059AF00A2AF97 /* HRCondition.m */ = {isa = PBXFileReference; fileEncoding = 4; lastKnownFileType = sourcecode.c.objc; path = HRCondition.m; sourceTree = "<group>"; };
		947FCE4514B4C18600C716FD /* chevron-left.png */ = {isa = PBXFileReference; lastKnownFileType = image.png; path = "chevron-left.png"; sourceTree = "<group>"; };
		947FCE4814B4C76700C716FD /* HRPrivacyViewController.h */ = {isa = PBXFileReference; fileEncoding = 4; lastKnownFileType = sourcecode.c.h; path = HRPrivacyViewController.h; sourceTree = "<group>"; };
		947FCE4914B4C76700C716FD /* HRPrivacyViewController.m */ = {isa = PBXFileReference; fileEncoding = 4; lastKnownFileType = sourcecode.c.objc; path = HRPrivacyViewController.m; sourceTree = "<group>"; };
		947FCE4A14B4C76700C716FD /* HRPrivacyViewController.xib */ = {isa = PBXFileReference; fileEncoding = 4; lastKnownFileType = file.xib; path = HRPrivacyViewController.xib; sourceTree = "<group>"; };
		947FCE5814B4D7E400C716FD /* AudioToolbox.framework */ = {isa = PBXFileReference; lastKnownFileType = wrapper.framework; name = AudioToolbox.framework; path = System/Library/Frameworks/AudioToolbox.framework; sourceTree = SDKROOT; };
		94AACF94153330A2005E3851 /* HRGridTableViewCell.h */ = {isa = PBXFileReference; fileEncoding = 4; lastKnownFileType = sourcecode.c.h; path = HRGridTableViewCell.h; sourceTree = "<group>"; };
		94AACF95153330A2005E3851 /* HRGridTableViewCell.m */ = {isa = PBXFileReference; fileEncoding = 4; lastKnownFileType = sourcecode.c.objc; path = HRGridTableViewCell.m; sourceTree = "<group>"; };
		94AACF9B15334A1C005E3851 /* HRGridTableView.h */ = {isa = PBXFileReference; fileEncoding = 4; lastKnownFileType = sourcecode.c.h; path = HRGridTableView.h; sourceTree = "<group>"; };
		94AACF9C15334A1D005E3851 /* HRGridTableView.m */ = {isa = PBXFileReference; fileEncoding = 4; lastKnownFileType = sourcecode.c.objc; path = HRGridTableView.m; sourceTree = "<group>"; };
		94AEA73E1529F2DC00D9C67D /* GCActionSheet.h */ = {isa = PBXFileReference; fileEncoding = 4; lastKnownFileType = sourcecode.c.h; name = GCActionSheet.h; path = "vendor/guicocoa-common-code/GCActionSheet.h"; sourceTree = SOURCE_ROOT; };
		94AEA73F1529F2DC00D9C67D /* GCActionSheet.m */ = {isa = PBXFileReference; fileEncoding = 4; lastKnownFileType = sourcecode.c.objc; name = GCActionSheet.m; path = "vendor/guicocoa-common-code/GCActionSheet.m"; sourceTree = SOURCE_ROOT; };
		94AEAE0714868BC200C005B2 /* HRRootViewController.h */ = {isa = PBXFileReference; fileEncoding = 4; lastKnownFileType = sourcecode.c.h; path = HRRootViewController.h; sourceTree = "<group>"; };
		94AEAE0814868BC200C005B2 /* HRRootViewController.m */ = {isa = PBXFileReference; fileEncoding = 4; lastKnownFileType = sourcecode.c.objc; path = HRRootViewController.m; sourceTree = "<group>"; wrapsLines = 0; };
		94AEAE0D148690DA00C005B2 /* HRPatientSummaryViewController.h */ = {isa = PBXFileReference; fileEncoding = 4; lastKnownFileType = sourcecode.c.h; path = HRPatientSummaryViewController.h; sourceTree = "<group>"; };
		94AEAE0E148690DA00C005B2 /* HRPatientSummaryViewController.m */ = {isa = PBXFileReference; fileEncoding = 4; lastKnownFileType = sourcecode.c.objc; path = HRPatientSummaryViewController.m; sourceTree = "<group>"; };
		94AEAE0F148690DA00C005B2 /* HRPatientSummaryViewController.xib */ = {isa = PBXFileReference; fileEncoding = 4; lastKnownFileType = file.xib; path = HRPatientSummaryViewController.xib; sourceTree = "<group>"; };
		94BB031C14969675009B2FCC /* HRAddress.h */ = {isa = PBXFileReference; fileEncoding = 4; lastKnownFileType = sourcecode.c.h; path = HRAddress.h; sourceTree = "<group>"; };
		94BB031D14969675009B2FCC /* HRAddress.m */ = {isa = PBXFileReference; fileEncoding = 4; lastKnownFileType = sourcecode.c.objc; path = HRAddress.m; sourceTree = "<group>"; };
		94BB0324149BAF24009B2FCC /* HRPasscodeManager.h */ = {isa = PBXFileReference; fileEncoding = 4; lastKnownFileType = sourcecode.c.h; path = HRPasscodeManager.h; sourceTree = "<group>"; };
		94BB0325149BAF25009B2FCC /* HRPasscodeManager.m */ = {isa = PBXFileReference; fileEncoding = 4; lastKnownFileType = sourcecode.c.objc; path = HRPasscodeManager.m; sourceTree = "<group>"; };
		94BB0329149BB392009B2FCC /* HRPasscodeWarningViewController.h */ = {isa = PBXFileReference; fileEncoding = 4; lastKnownFileType = sourcecode.c.h; path = HRPasscodeWarningViewController.h; sourceTree = "<group>"; };
		94BB032A149BB392009B2FCC /* HRPasscodeWarningViewController.m */ = {isa = PBXFileReference; fileEncoding = 4; lastKnownFileType = sourcecode.c.objc; path = HRPasscodeWarningViewController.m; sourceTree = "<group>"; };
		94BB032B149BB393009B2FCC /* HRPasscodeWarningViewController.xib */ = {isa = PBXFileReference; fileEncoding = 4; lastKnownFileType = file.xib; path = HRPasscodeWarningViewController.xib; sourceTree = "<group>"; };
		94E3BB581472E0DE00E05D4D /* HRConfig.h */ = {isa = PBXFileReference; fileEncoding = 4; lastKnownFileType = sourcecode.c.h; path = HRConfig.h; sourceTree = "<group>"; };
		94E84E6E14FEBC390091B0A1 /* NSArray+Collect.h */ = {isa = PBXFileReference; fileEncoding = 4; lastKnownFileType = sourcecode.c.h; path = "NSArray+Collect.h"; sourceTree = "<group>"; };
		94E84E6F14FEBC390091B0A1 /* NSArray+Collect.m */ = {isa = PBXFileReference; fileEncoding = 4; lastKnownFileType = sourcecode.c.objc; path = "NSArray+Collect.m"; sourceTree = "<group>"; };
		94EBD54F14FE7A6200A3AF66 /* ASBSparkLineView.h */ = {isa = PBXFileReference; fileEncoding = 4; lastKnownFileType = sourcecode.c.h; name = ASBSparkLineView.h; path = vendor/Sparklines/Sparklines/ASBSparkLineView.h; sourceTree = "<group>"; };
		94EBD55014FE7A6200A3AF66 /* ASBSparkLineView.m */ = {isa = PBXFileReference; fileEncoding = 4; lastKnownFileType = sourcecode.c.objc; name = ASBSparkLineView.m; path = vendor/Sparklines/Sparklines/ASBSparkLineView.m; sourceTree = "<group>"; };
		94F4CB5F1507BD0A00EFEA43 /* PINSecurityQuestionsViewController.h */ = {isa = PBXFileReference; fileEncoding = 4; lastKnownFileType = sourcecode.c.h; path = PINSecurityQuestionsViewController.h; sourceTree = "<group>"; };
		94F4CB601507BD0A00EFEA43 /* PINSecurityQuestionsViewController.m */ = {isa = PBXFileReference; fileEncoding = 4; lastKnownFileType = sourcecode.c.objc; path = PINSecurityQuestionsViewController.m; sourceTree = "<group>"; };
		94F4CB631507E87E00EFEA43 /* PINCodeTextField.h */ = {isa = PBXFileReference; fileEncoding = 4; lastKnownFileType = sourcecode.c.h; path = PINCodeTextField.h; sourceTree = "<group>"; };
		94F4CB641507E87E00EFEA43 /* PINCodeTextField.m */ = {isa = PBXFileReference; fileEncoding = 4; lastKnownFileType = sourcecode.c.objc; path = PINCodeTextField.m; sourceTree = "<group>"; };
		DD124DAD148D3EF300E23A44 /* Doctor.png */ = {isa = PBXFileReference; lastKnownFileType = image.png; path = Doctor.png; sourceTree = "<group>"; };
		DD5597BE14897DE2006A0D1D /* HRDoctorsViewController.h */ = {isa = PBXFileReference; fileEncoding = 4; lastKnownFileType = sourcecode.c.h; path = HRDoctorsViewController.h; sourceTree = "<group>"; };
		DD5597BF14897DE2006A0D1D /* HRDoctorsViewController.m */ = {isa = PBXFileReference; fileEncoding = 4; lastKnownFileType = sourcecode.c.objc; path = HRDoctorsViewController.m; sourceTree = "<group>"; };
		DD5597C014897DE2006A0D1D /* HRDoctorsViewController_old.xib */ = {isa = PBXFileReference; fileEncoding = 4; lastKnownFileType = file.xib; path = HRDoctorsViewController_old.xib; sourceTree = "<group>"; };
		DD695D791489439100E4E2E1 /* HRTimelineViewController.h */ = {isa = PBXFileReference; fileEncoding = 4; lastKnownFileType = sourcecode.c.h; path = HRTimelineViewController.h; sourceTree = "<group>"; };
		DD695D7A1489439100E4E2E1 /* HRTimelineViewController.m */ = {isa = PBXFileReference; fileEncoding = 4; lastKnownFileType = sourcecode.c.objc; path = HRTimelineViewController.m; sourceTree = "<group>"; };
		DD695D7B1489439100E4E2E1 /* HRTimelineViewController.xib */ = {isa = PBXFileReference; fileEncoding = 4; lastKnownFileType = file.xib; path = HRTimelineViewController.xib; sourceTree = "<group>"; };
		DD695D8214897C2200E4E2E1 /* HRMessagesViewController.h */ = {isa = PBXFileReference; fileEncoding = 4; lastKnownFileType = sourcecode.c.h; path = HRMessagesViewController.h; sourceTree = "<group>"; };
		DD695D8314897C2200E4E2E1 /* HRMessagesViewController.m */ = {isa = PBXFileReference; fileEncoding = 4; lastKnownFileType = sourcecode.c.objc; path = HRMessagesViewController.m; sourceTree = "<group>"; };
		DD695D8414897C2200E4E2E1 /* HRMessagesViewController.xib */ = {isa = PBXFileReference; fileEncoding = 4; lastKnownFileType = file.xib; path = HRMessagesViewController.xib; sourceTree = "<group>"; };
		DD7037B21490103300F58A83 /* QuartzCore.framework */ = {isa = PBXFileReference; lastKnownFileType = wrapper.framework; name = QuartzCore.framework; path = System/Library/Frameworks/QuartzCore.framework; sourceTree = SDKROOT; };
		DD8BD9DA148D13910090F729 /* chevron.png */ = {isa = PBXFileReference; lastKnownFileType = image.png; path = chevron.png; sourceTree = "<group>"; };
		DD8BD9DD148D1D660090F729 /* UserImage-Smith-Henry.png */ = {isa = PBXFileReference; lastKnownFileType = image.png; path = "UserImage-Smith-Henry.png"; sourceTree = "<group>"; };
		DD8BD9DE148D1D660090F729 /* UserImage-Smith-Johnny.png */ = {isa = PBXFileReference; lastKnownFileType = image.png; path = "UserImage-Smith-Johnny.png"; sourceTree = "<group>"; };
		DD8BD9DF148D1D660090F729 /* UserImage-Smith-Molly.png */ = {isa = PBXFileReference; lastKnownFileType = image.png; path = "UserImage-Smith-Molly.png"; sourceTree = "<group>"; };
		DD8BD9E0148D1D660090F729 /* UserImage-Smith-Sarah.png */ = {isa = PBXFileReference; lastKnownFileType = image.png; path = "UserImage-Smith-Sarah.png"; sourceTree = "<group>"; };
		DD8BD9E1148D1D660090F729 /* UserImage-Smith-Tom.png */ = {isa = PBXFileReference; lastKnownFileType = image.png; path = "UserImage-Smith-Tom.png"; sourceTree = "<group>"; };
		DD8BD9F1148D2BDC0090F729 /* HRConfig.m */ = {isa = PBXFileReference; fileEncoding = 4; lastKnownFileType = sourcecode.c.objc; path = HRConfig.m; sourceTree = "<group>"; };
/* End PBXFileReference section */

/* Begin PBXFrameworksBuildPhase section */
		941DB0A51471B32D00A96B8B /* Frameworks */ = {
			isa = PBXFrameworksBuildPhase;
			buildActionMask = 2147483647;
			files = (
				3BD16ED614E1B32400F2249E /* CoreData.framework in Frameworks */,
				3B04A56914E06A3A00AD91F9 /* Security.framework in Frameworks */,
				947FCE5914B4D7E400C716FD /* AudioToolbox.framework in Frameworks */,
				941DB0AD1471B32D00A96B8B /* UIKit.framework in Frameworks */,
				941DB0AF1471B32D00A96B8B /* Foundation.framework in Frameworks */,
				941DB0B11471B32D00A96B8B /* CoreGraphics.framework in Frameworks */,
				94689AC314964BE400E1FCA6 /* libTestFlight.a in Frameworks */,
			);
			runOnlyForDeploymentPostprocessing = 0;
		};
/* End PBXFrameworksBuildPhase section */

/* Begin PBXGroup section */
		3B04A54C14E0692600AD91F9 /* keychain */ = {
			isa = PBXGroup;
			children = (
				3B04A55114E0692600AD91F9 /* SSKeychain.h */,
				3B04A55214E0692600AD91F9 /* SSKeychain.m */,
			);
			name = keychain;
			path = vendor/keychain;
			sourceTree = "<group>";
		};
		3B19651414EE9DCB0045F827 /* Global */ = {
			isa = PBXGroup;
			children = (
				941DB0BB1471B32D00A96B8B /* HRAppDelegate.h */,
				941DB0BC1471B32D00A96B8B /* HRAppDelegate.m */,
				94BB0324149BAF24009B2FCC /* HRPasscodeManager.h */,
				94BB0325149BAF25009B2FCC /* HRPasscodeManager.m */,
				94E3BB581472E0DE00E05D4D /* HRConfig.h */,
				DD8BD9F1148D2BDC0090F729 /* HRConfig.m */,
				3BB9C27D151B8AEF00527C20 /* HRKeychainManager.h */,
				3BB9C27E151B8AEF00527C20 /* HRKeychainManager.m */,
				3BFBEE181534BEAA009EBA2D /* HRAppletTile.h */,
				3BFBEE191534BEAA009EBA2D /* HRAppletTile.m */,
			);
			name = Global;
			sourceTree = "<group>";
		};
		3B5ADF6314E1C5D50025E069 /* Core Data */ = {
			isa = PBXGroup;
			children = (
				3BD16F0314E1C5B700F2249E /* HRMPatient.h */,
				3BD16F0414E1C5B700F2249E /* HRMPatient.m */,
				3BE9A40314E40EBB00F87B60 /* HRMEntry.h */,
				3BE9A40414E40EBB00F87B60 /* HRMEntry.m */,
			);
			name = "Core Data";
			sourceTree = "<group>";
		};
		3BD16ED714E1B5EE00F2249E /* guicocoa-common-code */ = {
			isa = PBXGroup;
			children = (
				3BD16EE414E1B5EE00F2249E /* GCManagedObject.h */,
				3BD16EE514E1B5EE00F2249E /* GCManagedObject.m */,
				94AEA73E1529F2DC00D9C67D /* GCActionSheet.h */,
				94AEA73F1529F2DC00D9C67D /* GCActionSheet.m */,
			);
			name = "guicocoa-common-code";
			path = "vendor/guicocoa-common-code";
			sourceTree = "<group>";
		};
		3BFBEE171534BD5A009EBA2D /* Grid View */ = {
			isa = PBXGroup;
			children = (
				94AACF9B15334A1C005E3851 /* HRGridTableView.h */,
				94AACF9C15334A1D005E3851 /* HRGridTableView.m */,
				94AACF94153330A2005E3851 /* HRGridTableViewCell.h */,
				94AACF95153330A2005E3851 /* HRGridTableViewCell.m */,
			);
			name = "Grid View";
			sourceTree = "<group>";
		};
		3BFBEE1D1534C0AE009EBA2D /* Patient Data */ = {
			isa = PBXGroup;
			children = (
				DD8BD9DD148D1D660090F729 /* UserImage-Smith-Henry.png */,
				DD8BD9DE148D1D660090F729 /* UserImage-Smith-Johnny.png */,
				DD8BD9DF148D1D660090F729 /* UserImage-Smith-Molly.png */,
				DD8BD9E0148D1D660090F729 /* UserImage-Smith-Sarah.png */,
				DD8BD9E1148D1D660090F729 /* UserImage-Smith-Tom.png */,
				3B19651C14EEAB970045F827 /* C32-Smith-Henry.html */,
				3B19651D14EEAB970045F827 /* C32-Smith-Molly.html */,
				3B19651E14EEAB970045F827 /* C32-Smith-Sarah.html */,
				3B19651F14EEAB970045F827 /* C32-Smith-Tom.html */,
				9464C5861476BDAE0076B991 /* C32-Smith-Johnny.html */,
				3BE9A42814E42A3800F87B60 /* hs.json */,
				940C0467152B6ADF00834416 /* hs-synthetic.json */,
				3BE9A42914E42A3800F87B60 /* js.json */,
				940C0468152B6ADF00834416 /* js-synthetic.json */,
				3BE9A42A14E42A3800F87B60 /* ms.json */,
				940C0469152B6ADF00834416 /* ms-synthetic.json */,
				3BE9A42B14E42A3800F87B60 /* ss.json */,
				940C046A152B6ADF00834416 /* ss-synthetic.json */,
				3BE9A42C14E42A3800F87B60 /* ts.json */,
				940C046B152B6ADF00834416 /* ts-synthetic.json */,
			);
			name = "Patient Data";
			sourceTree = "<group>";
		};
		3BFE7A2014DADE2B0037738D /* pinview */ = {
			isa = PBXGroup;
			children = (
				3BFE7A2114DADE2B0037738D /* PINCodeBackground.png */,
				3BFE7A2214DADE2B0037738D /* PINCodeButton.png */,
				3BFE7A2314DADE2B0037738D /* PINCodeDeleteButton.png */,
				3BFE7A2414DADE2B0037738D /* PINCodeStoryboard.storyboard */,
				3BFE7A2514DADE2B0037738D /* PINCodeViewController.h */,
				3BFE7A2614DADE2B0037738D /* PINCodeViewController.m */,
				94F4CB5F1507BD0A00EFEA43 /* PINSecurityQuestionsViewController.h */,
				94F4CB601507BD0A00EFEA43 /* PINSecurityQuestionsViewController.m */,
				94F4CB631507E87E00EFEA43 /* PINCodeTextField.h */,
				94F4CB641507E87E00EFEA43 /* PINCodeTextField.m */,
			);
			name = pinview;
			path = vendor/pinview;
			sourceTree = "<group>";
		};
		940D3D3E14E0704E00FE41E6 /* Vitals */ = {
			isa = PBXGroup;
			children = (
				940D3D3A14E056B800FE41E6 /* HRVital.h */,
				940D3D3B14E056B800FE41E6 /* HRVital.m */,
				9467077714E31A6200ACEA67 /* HRBMI.h */,
				9467077814E31A6200ACEA67 /* HRBMI.m */,
				940D3D3F14E0706C00FE41E6 /* HRWeight.h */,
				940D3D4014E0706C00FE41E6 /* HRWeight.m */,
				940D3D4214E077A500FE41E6 /* HRBloodPressure.h */,
				940D3D4314E077A500FE41E6 /* HRBloodPressure.m */,
				940D3D4814E07CEA00FE41E6 /* HRCholesterol.h */,
				940D3D4914E07CEA00FE41E6 /* HRCholesterol.m */,
				9467077114E3182D00ACEA67 /* HRPeakFlow.h */,
				9467077214E3182D00ACEA67 /* HRPeakFlow.m */,
				9467077414E318ED00ACEA67 /* HRHeight.h */,
				9467077514E318ED00ACEA67 /* HRHeight.m */,
				9467077A14E31CD300ACEA67 /* HRGlucose.h */,
				9467077B14E31CD300ACEA67 /* HRGlucose.m */,
			);
			name = Vitals;
			sourceTree = "<group>";
		};
		941DB09D1471B32D00A96B8B = {
			isa = PBXGroup;
			children = (
				94689ABC14964BBF00E1FCA6 /* Vendor */,
				94026FB314B4A8A600F40185 /* timeline */,
				941DB0B21471B32D00A96B8B /* HReader */,
				941DB0AB1471B32D00A96B8B /* Frameworks */,
				941DB0A91471B32D00A96B8B /* Products */,
			);
			sourceTree = "<group>";
		};
		941DB0A91471B32D00A96B8B /* Products */ = {
			isa = PBXGroup;
			children = (
				941DB0A81471B32D00A96B8B /* HReader.app */,
			);
			name = Products;
			sourceTree = "<group>";
		};
		941DB0AB1471B32D00A96B8B /* Frameworks */ = {
			isa = PBXGroup;
			children = (
				3BD16ED514E1B32400F2249E /* CoreData.framework */,
				3B04A56814E06A3A00AD91F9 /* Security.framework */,
				947FCE5814B4D7E400C716FD /* AudioToolbox.framework */,
				DD7037B21490103300F58A83 /* QuartzCore.framework */,
				941DB0AC1471B32D00A96B8B /* UIKit.framework */,
				941DB0AE1471B32D00A96B8B /* Foundation.framework */,
				941DB0B01471B32D00A96B8B /* CoreGraphics.framework */,
			);
			name = Frameworks;
			sourceTree = "<group>";
		};
		941DB0B21471B32D00A96B8B /* HReader */ = {
			isa = PBXGroup;
			children = (
				3B19651414EE9DCB0045F827 /* Global */,
				3B5ADF6314E1C5D50025E069 /* Core Data */,
				DD7037B114900E8A00F58A83 /* Models */,
				947FCE4D14B4C7CB00C716FD /* Privacy Shield */,
				DD8BD9EB148D2B270090F729 /* Root View */,
				941DB0B31471B32D00A96B8B /* Supporting Files */,
				944A2F2B1472C60600694816 /* Images */,
				3BFBEE171534BD5A009EBA2D /* Grid View */,
				9424C156147A9C95008BF5CE /* Categories */,
			);
			path = HReader;
			sourceTree = "<group>";
		};
		941DB0B31471B32D00A96B8B /* Supporting Files */ = {
			isa = PBXGroup;
			children = (
				3BFBEE1D1534C0AE009EBA2D /* Patient Data */,
				3B19651A14EEA6200045F827 /* Logo.png */,
				3BFE7A2D14DAE5910037738D /* Icon-72.png */,
				941DB0BE1471B32D00A96B8B /* MainStoryboard_iPhone.storyboard */,
				941DB0C11471B32D00A96B8B /* MainStoryboard_iPad.storyboard */,
				3BFBEE161534BD33009EBA2D /* HReader.entitlements */,
				941DB0B41471B32D00A96B8B /* HReader-Info.plist */,
				941DB0B51471B32D00A96B8B /* InfoPlist.strings */,
				941DB0B81471B32D00A96B8B /* main.m */,
				941DB0BA1471B32D00A96B8B /* HReader-Prefix.pch */,
				3BD16ED114E1B2F400F2249E /* hReader.xcdatamodeld */,
				3BFBEE1B1534BF32009EBA2D /* HReaderApplets.plist */,
			);
			name = "Supporting Files";
			sourceTree = "<group>";
		};
		9424C156147A9C95008BF5CE /* Categories */ = {
			isa = PBXGroup;
			children = (
				3B3C919314F69F61005CD5C5 /* NSDate+FormattedDate.h */,
				3B3C919414F69F61005CD5C5 /* NSDate+FormattedDate.m */,
				94E84E6E14FEBC390091B0A1 /* NSArray+Collect.h */,
				94E84E6F14FEBC390091B0A1 /* NSArray+Collect.m */,
			);
			name = Categories;
			sourceTree = "<group>";
		};
		944A2F2B1472C60600694816 /* Images */ = {
			isa = PBXGroup;
			children = (
				DD124DAD148D3EF300E23A44 /* Doctor.png */,
				DD8BD9DA148D13910090F729 /* chevron.png */,
				947FCE4514B4C18600C716FD /* chevron-left.png */,
				9415152114AA3A7B009FF674 /* fail.png */,
				9415152214AA3A7B009FF674 /* win.png */,
				9415152514AA3F9F009FF674 /* question_mark.png */,
			);
			name = Images;
			path = ..;
			sourceTree = "<group>";
		};
		945560BF14BB891500A3DC43 /* KissXML */ = {
			isa = PBXGroup;
			children = (
				945560C114BB892100A3DC43 /* Additions */,
				945560C414BB892100A3DC43 /* Categories */,
				945560C714BB892100A3DC43 /* DDXML.h */,
				945560C814BB892100A3DC43 /* DDXMLDocument.h */,
				945560C914BB892100A3DC43 /* DDXMLDocument.m */,
				945560CA14BB892100A3DC43 /* DDXMLElement.h */,
				945560CB14BB892100A3DC43 /* DDXMLElement.m */,
				945560CC14BB892100A3DC43 /* DDXMLNode.h */,
				945560CD14BB892100A3DC43 /* DDXMLNode.m */,
				945560CE14BB892100A3DC43 /* Private */,
			);
			name = KissXML;
			sourceTree = "<group>";
		};
		945560C114BB892100A3DC43 /* Additions */ = {
			isa = PBXGroup;
			children = (
				945560C214BB892100A3DC43 /* DDXMLElementAdditions.h */,
				945560C314BB892100A3DC43 /* DDXMLElementAdditions.m */,
			);
			name = Additions;
			path = vendor/KissXML/KissXML/Additions;
			sourceTree = "<group>";
		};
		945560C414BB892100A3DC43 /* Categories */ = {
			isa = PBXGroup;
			children = (
				945560C514BB892100A3DC43 /* NSString+DDXML.h */,
				945560C614BB892100A3DC43 /* NSString+DDXML.m */,
			);
			name = Categories;
			path = vendor/KissXML/KissXML/Categories;
			sourceTree = "<group>";
		};
		945560CE14BB892100A3DC43 /* Private */ = {
			isa = PBXGroup;
			children = (
				945560CF14BB892100A3DC43 /* DDXMLPrivate.h */,
			);
			name = Private;
			path = vendor/KissXML/KissXML/Private;
			sourceTree = "<group>";
		};
		94689ABC14964BBF00E1FCA6 /* Vendor */ = {
			isa = PBXGroup;
			children = (
				94EBD54E14FE7A2E00A3AF66 /* Sparklines */,
				3BD16ED714E1B5EE00F2249E /* guicocoa-common-code */,
				3B04A54C14E0692600AD91F9 /* keychain */,
				3BFE7A2014DADE2B0037738D /* pinview */,
				945560BF14BB891500A3DC43 /* KissXML */,
				94689ABE14964BCF00E1FCA6 /* TestFlight-0.8.4 */,
			);
			name = Vendor;
			sourceTree = "<group>";
		};
		94689ABE14964BCF00E1FCA6 /* TestFlight-0.8.4 */ = {
			isa = PBXGroup;
			children = (
				94689ABF14964BE400E1FCA6 /* libTestFlight.a */,
				94689AC014964BE400E1FCA6 /* README.txt */,
				94689AC114964BE400E1FCA6 /* release_notes.txt */,
				94689AC214964BE400E1FCA6 /* TestFlight.h */,
			);
			name = "TestFlight-0.8.4";
			sourceTree = "<group>";
		};
		94689AD114967DF500E1FCA6 /* Support */ = {
			isa = PBXGroup;
			children = (
				94BB032E149BB398009B2FCC /* Passcode Warning */,
			);
			name = Support;
			sourceTree = "<group>";
		};
		94689AD214967E0100E1FCA6 /* C32 */ = {
			isa = PBXGroup;
			children = (
				94689AD414967E3600E1FCA6 /* HRC32ViewController.h */,
				94689AD514967E3600E1FCA6 /* HRC32ViewController.m */,
			);
			name = C32;
			sourceTree = "<group>";
		};
		94689AD314967E0600E1FCA6 /* About */ = {
			isa = PBXGroup;
			children = (
				94689AC91496560C00E1FCA6 /* HRAboutTableViewController.h */,
				94689ACA1496560C00E1FCA6 /* HRAboutTableViewController.m */,
			);
			name = About;
			sourceTree = "<group>";
		};
		947FCE4D14B4C7CB00C716FD /* Privacy Shield */ = {
			isa = PBXGroup;
			children = (
				947FCE4814B4C76700C716FD /* HRPrivacyViewController.h */,
				947FCE4914B4C76700C716FD /* HRPrivacyViewController.m */,
				947FCE4A14B4C76700C716FD /* HRPrivacyViewController.xib */,
			);
			name = "Privacy Shield";
			sourceTree = "<group>";
		};
		94BB032E149BB398009B2FCC /* Passcode Warning */ = {
			isa = PBXGroup;
			children = (
				94BB0329149BB392009B2FCC /* HRPasscodeWarningViewController.h */,
				94BB032A149BB392009B2FCC /* HRPasscodeWarningViewController.m */,
				94BB032B149BB393009B2FCC /* HRPasscodeWarningViewController.xib */,
			);
			name = "Passcode Warning";
			sourceTree = "<group>";
		};
		94EBD54E14FE7A2E00A3AF66 /* Sparklines */ = {
			isa = PBXGroup;
			children = (
				94EBD54F14FE7A6200A3AF66 /* ASBSparkLineView.h */,
				94EBD55014FE7A6200A3AF66 /* ASBSparkLineView.m */,
			);
			name = Sparklines;
			sourceTree = "<group>";
		};
		DD7037B014900E5900F58A83 /* Patient Swipe */ = {
			isa = PBXGroup;
			children = (
				9413C74414EC08AA00BFA521 /* HRPatientSwipeControl.h */,
				9413C74514EC08AA00BFA521 /* HRPatientSwipeControl.m */,
				9413C74814EC0B7800BFA521 /* HRPatientSwipeControl.xib */,
			);
			name = "Patient Swipe";
			sourceTree = "<group>";
		};
		DD7037B114900E8A00F58A83 /* Models */ = {
			isa = PBXGroup;
			children = (
				94BB031C14969675009B2FCC /* HRAddress.h */,
				94BB031D14969675009B2FCC /* HRAddress.m */,
				9415151D14A0E8FA009FF674 /* HRMessage.h */,
				9415151E14A0E8FA009FF674 /* HRMessage.m */,
				945560D514BB89B400A3DC43 /* HREncounter.h */,
				945560D614BB89B400A3DC43 /* HREncounter.m */,
				947EF75914D058E000A2AF97 /* HRMedication.h */,
				947EF75A14D058E000A2AF97 /* HRMedication.m */,
				947EF75C14D059AF00A2AF97 /* HRCondition.h */,
				947EF75D14D059AF00A2AF97 /* HRCondition.m */,
			);
			name = Models;
			sourceTree = "<group>";
		};
		DD8BD9EB148D2B270090F729 /* Root View */ = {
			isa = PBXGroup;
			children = (
				94AEAE0714868BC200C005B2 /* HRRootViewController.h */,
				94AEAE0814868BC200C005B2 /* HRRootViewController.m */,
				94689AD214967E0100E1FCA6 /* C32 */,
				DD7037B014900E5900F58A83 /* Patient Swipe */,
				94689AD314967E0600E1FCA6 /* About */,
				94689AD114967DF500E1FCA6 /* Support */,
				DD8BD9ED148D2B5A0090F729 /* Patient Summary */,
				DD8BD9EE148D2B660090F729 /* Timeline */,
				DD8BD9EF148D2B6C0090F729 /* Messages */,
				DD8BD9F0148D2B720090F729 /* Doctors */,
			);
			name = "Root View";
			sourceTree = "<group>";
		};
		DD8BD9ED148D2B5A0090F729 /* Patient Summary */ = {
			isa = PBXGroup;
			children = (
				94AEAE0D148690DA00C005B2 /* HRPatientSummaryViewController.h */,
				94AEAE0E148690DA00C005B2 /* HRPatientSummaryViewController.m */,
				94AEAE0F148690DA00C005B2 /* HRPatientSummaryViewController.xib */,
				941F253D14E2EC5D0077D6D1 /* HRVitalView.h */,
				941F253E14E2EC5D0077D6D1 /* HRVitalView.m */,
				941F254014E2EC7E0077D6D1 /* HRVitalView.xib */,
				94334ACA152A249F00B4C904 /* HRKeyValueTableViewController.h */,
				94334ACB152A249F00B4C904 /* HRKeyValueTableViewController.m */,
				940D3D3E14E0704E00FE41E6 /* Vitals */,
			);
			name = "Patient Summary";
			sourceTree = "<group>";
		};
		DD8BD9EE148D2B660090F729 /* Timeline */ = {
			isa = PBXGroup;
			children = (
				DD695D791489439100E4E2E1 /* HRTimelineViewController.h */,
				DD695D7A1489439100E4E2E1 /* HRTimelineViewController.m */,
				DD695D7B1489439100E4E2E1 /* HRTimelineViewController.xib */,
			);
			name = Timeline;
			sourceTree = "<group>";
		};
		DD8BD9EF148D2B6C0090F729 /* Messages */ = {
			isa = PBXGroup;
			children = (
				DD695D8214897C2200E4E2E1 /* HRMessagesViewController.h */,
				DD695D8314897C2200E4E2E1 /* HRMessagesViewController.m */,
				DD695D8414897C2200E4E2E1 /* HRMessagesViewController.xib */,
			);
			name = Messages;
			sourceTree = "<group>";
		};
		DD8BD9F0148D2B720090F729 /* Doctors */ = {
			isa = PBXGroup;
			children = (
				DD5597BE14897DE2006A0D1D /* HRDoctorsViewController.h */,
				DD5597BF14897DE2006A0D1D /* HRDoctorsViewController.m */,
				DD5597C014897DE2006A0D1D /* HRDoctorsViewController_old.xib */,
				9452D7F514FC16DF00021E69 /* HRProviderView.h */,
				9452D7F614FC16DF00021E69 /* HRProviderView.m */,
				9452D7F314FC167200021E69 /* HRProviderView.xib */,
			);
			name = Doctors;
			sourceTree = "<group>";
		};
/* End PBXGroup section */

/* Begin PBXNativeTarget section */
		941DB0A71471B32D00A96B8B /* HReader */ = {
			isa = PBXNativeTarget;
			buildConfigurationList = 941DB0CC1471B32D00A96B8B /* Build configuration list for PBXNativeTarget "HReader" */;
			buildPhases = (
				941DB0A41471B32D00A96B8B /* Sources */,
				941DB0A51471B32D00A96B8B /* Frameworks */,
				941DB0A61471B32D00A96B8B /* Resources */,
				9464C58414769EFB0076B991 /* Set Bundle Version */,
			);
			buildRules = (
			);
			dependencies = (
			);
			name = HReader;
			productName = HReader;
			productReference = 941DB0A81471B32D00A96B8B /* HReader.app */;
			productType = "com.apple.product-type.application";
		};
/* End PBXNativeTarget section */

/* Begin PBXProject section */
		941DB09F1471B32D00A96B8B /* Project object */ = {
			isa = PBXProject;
			attributes = {
				LastUpgradeCheck = 0430;
				ORGANIZATIONNAME = "MITRE Corporation";
			};
			buildConfigurationList = 941DB0A21471B32D00A96B8B /* Build configuration list for PBXProject "HReader" */;
			compatibilityVersion = "Xcode 3.2";
			developmentRegion = English;
			hasScannedForEncodings = 0;
			knownRegions = (
				en,
			);
			mainGroup = 941DB09D1471B32D00A96B8B;
			productRefGroup = 941DB0A91471B32D00A96B8B /* Products */;
			projectDirPath = "";
			projectRoot = "";
			targets = (
				941DB0A71471B32D00A96B8B /* HReader */,
			);
		};
/* End PBXProject section */

/* Begin PBXResourcesBuildPhase section */
		941DB0A61471B32D00A96B8B /* Resources */ = {
			isa = PBXResourcesBuildPhase;
			buildActionMask = 2147483647;
			files = (
				941DB0B71471B32D00A96B8B /* InfoPlist.strings in Resources */,
				941DB0C01471B32D00A96B8B /* MainStoryboard_iPhone.storyboard in Resources */,
				941DB0C31471B32D00A96B8B /* MainStoryboard_iPad.storyboard in Resources */,
				9464C5881476BDAE0076B991 /* C32-Smith-Johnny.html in Resources */,
				94AEAE11148690DA00C005B2 /* HRPatientSummaryViewController.xib in Resources */,
				DD695D7D1489439100E4E2E1 /* HRTimelineViewController.xib in Resources */,
				DD695D8614897C2200E4E2E1 /* HRMessagesViewController.xib in Resources */,
				DD5597C214897DE2006A0D1D /* HRDoctorsViewController_old.xib in Resources */,
				DD8BD9DB148D13910090F729 /* chevron.png in Resources */,
				DD8BD9E2148D1D660090F729 /* UserImage-Smith-Henry.png in Resources */,
				DD8BD9E3148D1D660090F729 /* UserImage-Smith-Johnny.png in Resources */,
				DD8BD9E4148D1D660090F729 /* UserImage-Smith-Molly.png in Resources */,
				DD8BD9E5148D1D660090F729 /* UserImage-Smith-Sarah.png in Resources */,
				DD8BD9E6148D1D660090F729 /* UserImage-Smith-Tom.png in Resources */,
				DD124DAE148D3EF300E23A44 /* Doctor.png in Resources */,
				94689AC414964BE400E1FCA6 /* README.txt in Resources */,
				94689AC514964BE400E1FCA6 /* release_notes.txt in Resources */,
				94BB032D149BB393009B2FCC /* HRPasscodeWarningViewController.xib in Resources */,
				9415152314AA3A7B009FF674 /* fail.png in Resources */,
				9415152414AA3A7B009FF674 /* win.png in Resources */,
				9415152614AA3F9F009FF674 /* question_mark.png in Resources */,
				94026FB414B4A8A600F40185 /* timeline in Resources */,
				947FCE4614B4C18600C716FD /* chevron-left.png in Resources */,
				947FCE4C14B4C76700C716FD /* HRPrivacyViewController.xib in Resources */,
				3BFE7A2714DADE2B0037738D /* PINCodeBackground.png in Resources */,
				3BFE7A2814DADE2B0037738D /* PINCodeButton.png in Resources */,
				3BFE7A2914DADE2B0037738D /* PINCodeDeleteButton.png in Resources */,
				3BFE7A2A14DADE2B0037738D /* PINCodeStoryboard.storyboard in Resources */,
				3BFE7A2E14DAE5910037738D /* Icon-72.png in Resources */,
				941F254114E2EC7E0077D6D1 /* HRVitalView.xib in Resources */,
				3BE9A42D14E42A3800F87B60 /* hs.json in Resources */,
				3BE9A42E14E42A3800F87B60 /* js.json in Resources */,
				3BE9A42F14E42A3800F87B60 /* ms.json in Resources */,
				3BE9A43014E42A3800F87B60 /* ss.json in Resources */,
				3BE9A43114E42A3800F87B60 /* ts.json in Resources */,
				9413C74914EC0B7800BFA521 /* HRPatientSwipeControl.xib in Resources */,
				3B19651B14EEA6200045F827 /* Logo.png in Resources */,
				3B19652014EEAB970045F827 /* C32-Smith-Henry.html in Resources */,
				3B19652114EEAB970045F827 /* C32-Smith-Molly.html in Resources */,
				3B19652214EEAB970045F827 /* C32-Smith-Sarah.html in Resources */,
				3B19652314EEAB970045F827 /* C32-Smith-Tom.html in Resources */,
				9452D7F414FC167200021E69 /* HRProviderView.xib in Resources */,
				940C046C152B6ADF00834416 /* hs-synthetic.json in Resources */,
				940C046D152B6ADF00834416 /* js-synthetic.json in Resources */,
				940C046E152B6ADF00834416 /* ms-synthetic.json in Resources */,
				940C046F152B6ADF00834416 /* ss-synthetic.json in Resources */,
				940C0470152B6ADF00834416 /* ts-synthetic.json in Resources */,
				3BFBEE1C1534BF32009EBA2D /* HReaderApplets.plist in Resources */,
			);
			runOnlyForDeploymentPostprocessing = 0;
		};
/* End PBXResourcesBuildPhase section */

/* Begin PBXShellScriptBuildPhase section */
		9464C58414769EFB0076B991 /* Set Bundle Version */ = {
			isa = PBXShellScriptBuildPhase;
			buildActionMask = 2147483647;
			files = (
			);
			inputPaths = (
			);
			name = "Set Bundle Version";
			outputPaths = (
			);
			runOnlyForDeploymentPostprocessing = 0;
			shellPath = /usr/bin/ruby;
			shellScript = "#!/usr/bin/ruby\n# xcode-git-cfbundleversion.rb\n# Update CFBundleVersion in Info.plist file with short Git revision string\n# http://github.com/guicocoa/xcode-git-cfbundleversion/\n#\n# This is based on\n# http://github.com/digdog/xcode-git-cfbundleversion/\n# http://github.com/jsallis/xcode-git-versioner\n# http://github.com/juretta/iphone-project-tools/tree/v1.0.3\n\nrequire 'rubygems'\nbegin\nrequire 'Plist'\nrescue LoadError => e\nputs \"You need to install the 'Plist' gem: [sudo] gem install plist\"\nexit 1\nend\n\nraise \"Must be run from Xcode\" unless ENV['XCODE_VERSION_ACTUAL']\n\nGIT = \"/usr/bin/git\"\nPRODUCT_PLIST = File.join(ENV['BUILT_PRODUCTS_DIR'], ENV['INFOPLIST_PATH'])\nREVISION = `#{GIT} log --pretty=format:'' | wc -l`.scan(/\\d/).to_s\nBUNDLE_VERSION = \"CFBundleVersion\"\n\nif File.file?(PRODUCT_PLIST) and REVISION\n\n# update product plist\n`/usr/bin/plutil -convert xml1 \\\"#{PRODUCT_PLIST}\\\"`\ninfo = Plist::parse_xml(PRODUCT_PLIST)\nif info\ninfo[BUNDLE_VERSION] = REVISION\ninfo.save_plist(PRODUCT_PLIST)\nend\n`/usr/bin/plutil -convert binary1 \\\"#{PRODUCT_PLIST}\\\"`\n\n# log\nputs \"updated #{BUNDLE_VERSION} to #{REVISION}\"\n\nend";
		};
/* End PBXShellScriptBuildPhase section */

/* Begin PBXSourcesBuildPhase section */
		941DB0A41471B32D00A96B8B /* Sources */ = {
			isa = PBXSourcesBuildPhase;
			buildActionMask = 2147483647;
			files = (
				941DB0B91471B32D00A96B8B /* main.m in Sources */,
				941DB0BD1471B32D00A96B8B /* HRAppDelegate.m in Sources */,
				94AEAE0914868BC200C005B2 /* HRRootViewController.m in Sources */,
				94AEAE10148690DA00C005B2 /* HRPatientSummaryViewController.m in Sources */,
				DD695D7C1489439100E4E2E1 /* HRTimelineViewController.m in Sources */,
				DD695D8514897C2200E4E2E1 /* HRMessagesViewController.m in Sources */,
				DD5597C114897DE2006A0D1D /* HRDoctorsViewController.m in Sources */,
				DD8BD9F2148D2BDC0090F729 /* HRConfig.m in Sources */,
				94689ACB1496560C00E1FCA6 /* HRAboutTableViewController.m in Sources */,
				94689AD714967E3600E1FCA6 /* HRC32ViewController.m in Sources */,
				94BB031E14969675009B2FCC /* HRAddress.m in Sources */,
				94BB0326149BAF25009B2FCC /* HRPasscodeManager.m in Sources */,
				94BB032C149BB393009B2FCC /* HRPasscodeWarningViewController.m in Sources */,
				9415151F14A0E8FA009FF674 /* HRMessage.m in Sources */,
				947FCE4B14B4C76700C716FD /* HRPrivacyViewController.m in Sources */,
				945560D014BB892100A3DC43 /* DDXMLElementAdditions.m in Sources */,
				945560D114BB892100A3DC43 /* NSString+DDXML.m in Sources */,
				945560D214BB892100A3DC43 /* DDXMLDocument.m in Sources */,
				945560D314BB892100A3DC43 /* DDXMLElement.m in Sources */,
				945560D414BB892100A3DC43 /* DDXMLNode.m in Sources */,
				945560D714BB89B400A3DC43 /* HREncounter.m in Sources */,
				947EF75B14D058E000A2AF97 /* HRMedication.m in Sources */,
				947EF75E14D059AF00A2AF97 /* HRCondition.m in Sources */,
				3BFE7A2B14DADE2B0037738D /* PINCodeViewController.m in Sources */,
				940D3D3C14E056B800FE41E6 /* HRVital.m in Sources */,
				940D3D4114E0706C00FE41E6 /* HRWeight.m in Sources */,
				940D3D4414E077A500FE41E6 /* HRBloodPressure.m in Sources */,
				940D3D4A14E07CEA00FE41E6 /* HRCholesterol.m in Sources */,
				3B04A56114E0692600AD91F9 /* SSKeychain.m in Sources */,
				3BD16ED314E1B2F400F2249E /* hReader.xcdatamodeld in Sources */,
				3BD16EF614E1B5EE00F2249E /* GCManagedObject.m in Sources */,
				3BD16F0514E1C5B700F2249E /* HRMPatient.m in Sources */,
				3BE9A40514E40EBB00F87B60 /* HRMEntry.m in Sources */,
				941F253F14E2EC5D0077D6D1 /* HRVitalView.m in Sources */,
				9467077314E3182E00ACEA67 /* HRPeakFlow.m in Sources */,
				9467077614E318ED00ACEA67 /* HRHeight.m in Sources */,
				9467077914E31A6200ACEA67 /* HRBMI.m in Sources */,
				9467077C14E31CD400ACEA67 /* HRGlucose.m in Sources */,
				9413C74614EC08AA00BFA521 /* HRPatientSwipeControl.m in Sources */,
				3B3C919514F69F61005CD5C5 /* NSDate+FormattedDate.m in Sources */,
				9452D7F714FC16DF00021E69 /* HRProviderView.m in Sources */,
				94EBD55114FE7A6200A3AF66 /* ASBSparkLineView.m in Sources */,
				94E84E7014FEBC390091B0A1 /* NSArray+Collect.m in Sources */,
				94F4CB611507BD0A00EFEA43 /* PINSecurityQuestionsViewController.m in Sources */,
				94F4CB651507E87E00EFEA43 /* PINCodeTextField.m in Sources */,
				3BB9C27F151B8AEF00527C20 /* HRKeychainManager.m in Sources */,
				94AEA7401529F2DC00D9C67D /* GCActionSheet.m in Sources */,
				94334ACC152A249F00B4C904 /* HRKeyValueTableViewController.m in Sources */,
				94AACF96153330A2005E3851 /* HRGridTableViewCell.m in Sources */,
				94AACF9D15334A1D005E3851 /* HRGridTableView.m in Sources */,
				3BFBEE1A1534BEAA009EBA2D /* HRAppletTile.m in Sources */,
			);
			runOnlyForDeploymentPostprocessing = 0;
		};
/* End PBXSourcesBuildPhase section */

/* Begin PBXVariantGroup section */
		941DB0B51471B32D00A96B8B /* InfoPlist.strings */ = {
			isa = PBXVariantGroup;
			children = (
				941DB0B61471B32D00A96B8B /* en */,
			);
			name = InfoPlist.strings;
			sourceTree = "<group>";
		};
		941DB0BE1471B32D00A96B8B /* MainStoryboard_iPhone.storyboard */ = {
			isa = PBXVariantGroup;
			children = (
				941DB0BF1471B32D00A96B8B /* en */,
			);
			name = MainStoryboard_iPhone.storyboard;
			sourceTree = "<group>";
		};
		941DB0C11471B32D00A96B8B /* MainStoryboard_iPad.storyboard */ = {
			isa = PBXVariantGroup;
			children = (
				941DB0C21471B32D00A96B8B /* en */,
			);
			name = MainStoryboard_iPad.storyboard;
			sourceTree = "<group>";
		};
/* End PBXVariantGroup section */

/* Begin XCBuildConfiguration section */
		941DB0CA1471B32D00A96B8B /* Debug */ = {
			isa = XCBuildConfiguration;
			buildSettings = {
				ALWAYS_SEARCH_USER_PATHS = NO;
				ARCHS = "$(ARCHS_STANDARD_32_BIT)";
				COPY_PHASE_STRIP = NO;
				GCC_C_LANGUAGE_STANDARD = gnu99;
				GCC_DYNAMIC_NO_PIC = NO;
				GCC_OPTIMIZATION_LEVEL = 0;
				GCC_PREPROCESSOR_DEFINITIONS = (
					"DEBUG=1",
					"$(inherited)",
				);
				GCC_SYMBOLS_PRIVATE_EXTERN = NO;
				GCC_VERSION = com.apple.compilers.llvm.clang.1_0;
				GCC_WARN_ABOUT_MISSING_PROTOTYPES = YES;
				GCC_WARN_ABOUT_RETURN_TYPE = YES;
				GCC_WARN_UNUSED_VARIABLE = YES;
				IPHONEOS_DEPLOYMENT_TARGET = 5.0;
				SDKROOT = iphoneos;
				TARGETED_DEVICE_FAMILY = "1,2";
			};
			name = Debug;
		};
		941DB0CB1471B32D00A96B8B /* Release */ = {
			isa = XCBuildConfiguration;
			buildSettings = {
				ALWAYS_SEARCH_USER_PATHS = NO;
				ARCHS = "$(ARCHS_STANDARD_32_BIT)";
				"CODE_SIGN_IDENTITY[sdk=iphoneos*]" = "iPhone Developer";
				COPY_PHASE_STRIP = YES;
				GCC_C_LANGUAGE_STANDARD = gnu99;
				GCC_PREPROCESSOR_DEFINITIONS = "RELEASE=1";
				GCC_VERSION = com.apple.compilers.llvm.clang.1_0;
				GCC_WARN_ABOUT_MISSING_PROTOTYPES = YES;
				GCC_WARN_ABOUT_RETURN_TYPE = YES;
				GCC_WARN_UNUSED_VARIABLE = YES;
				IPHONEOS_DEPLOYMENT_TARGET = 5.0;
				OTHER_CFLAGS = "-DNS_BLOCK_ASSERTIONS=1";
				SDKROOT = iphoneos;
				TARGETED_DEVICE_FAMILY = "1,2";
				VALIDATE_PRODUCT = YES;
			};
			name = Release;
		};
		941DB0CD1471B32D00A96B8B /* Debug */ = {
			isa = XCBuildConfiguration;
			buildSettings = {
				CODE_SIGN_ENTITLEMENTS = HReader/HReader.entitlements;
				CODE_SIGN_IDENTITY = "iPhone Developer";
				GCC_PRECOMPILE_PREFIX_HEADER = YES;
				GCC_PREFIX_HEADER = "HReader/HReader-Prefix.pch";
				HEADER_SEARCH_PATHS = "/usr/include/libxml2/**";
				INFOPLIST_FILE = "HReader/HReader-Info.plist";
				LIBRARY_SEARCH_PATHS = (
					"$(inherited)",
					"\"$(SRCROOT)/vendor/TestFlight\"",
				);
				OTHER_LDFLAGS = "-lxml2";
				PRODUCT_NAME = "$(TARGET_NAME)";
				PROVISIONING_PROFILE = "";
				STRIP_INSTALLED_PRODUCT = NO;
				TARGETED_DEVICE_FAMILY = 2;
				WRAPPER_EXTENSION = app;
			};
			name = Debug;
		};
		941DB0CE1471B32D00A96B8B /* Release */ = {
			isa = XCBuildConfiguration;
			buildSettings = {
				CODE_SIGN_ENTITLEMENTS = HReader/HReader.entitlements;
				CODE_SIGN_IDENTITY = "iPhone Distribution";
				GCC_PRECOMPILE_PREFIX_HEADER = YES;
				GCC_PREFIX_HEADER = "HReader/HReader-Prefix.pch";
				HEADER_SEARCH_PATHS = "/usr/include/libxml2/**";
				INFOPLIST_FILE = "HReader/HReader-Info.plist";
				LIBRARY_SEARCH_PATHS = (
					"$(inherited)",
					"\"$(SRCROOT)/vendor/TestFlight\"",
				);
				OTHER_LDFLAGS = "-lxml2";
				PRODUCT_NAME = "$(TARGET_NAME)";
				PROVISIONING_PROFILE = "";
				STRIP_INSTALLED_PRODUCT = NO;
				TARGETED_DEVICE_FAMILY = 2;
				WRAPPER_EXTENSION = app;
			};
			name = Release;
		};
		94231792147AFE2500268377 /* Ad Hoc */ = {
			isa = XCBuildConfiguration;
			buildSettings = {
				ALWAYS_SEARCH_USER_PATHS = NO;
				ARCHS = "$(ARCHS_STANDARD_32_BIT)";
				COPY_PHASE_STRIP = NO;
				GCC_C_LANGUAGE_STANDARD = gnu99;
				GCC_PREPROCESSOR_DEFINITIONS = "ADHOC=1";
				GCC_VERSION = com.apple.compilers.llvm.clang.1_0;
				GCC_WARN_ABOUT_MISSING_PROTOTYPES = YES;
				GCC_WARN_ABOUT_RETURN_TYPE = YES;
				GCC_WARN_UNUSED_VARIABLE = YES;
				IPHONEOS_DEPLOYMENT_TARGET = 5.0;
				OTHER_CFLAGS = "-DNS_BLOCK_ASSERTIONS=1";
				SDKROOT = iphoneos;
				TARGETED_DEVICE_FAMILY = "1,2";
				VALIDATE_PRODUCT = YES;
			};
			name = "Ad Hoc";
		};
		94231793147AFE2500268377 /* Ad Hoc */ = {
			isa = XCBuildConfiguration;
			buildSettings = {
				CODE_SIGN_ENTITLEMENTS = HReader/HReader.entitlements;
				CODE_SIGN_IDENTITY = "iPhone Distribution: The MITRE Corporation";
				GCC_PRECOMPILE_PREFIX_HEADER = YES;
				GCC_PREFIX_HEADER = "HReader/HReader-Prefix.pch";
				HEADER_SEARCH_PATHS = "/usr/include/libxml2/**";
				INFOPLIST_FILE = "HReader/HReader-Info.plist";
				LIBRARY_SEARCH_PATHS = (
					"$(inherited)",
					"\"$(SRCROOT)/vendor/TestFlight\"",
				);
				OTHER_LDFLAGS = "-lxml2";
				PRODUCT_NAME = "$(TARGET_NAME)";
				PROVISIONING_PROFILE = "D9D58216-E51B-4F43-85F5-9A06A83122ED";
				STRIP_INSTALLED_PRODUCT = NO;
				TARGETED_DEVICE_FAMILY = 2;
				WRAPPER_EXTENSION = app;
			};
			name = "Ad Hoc";
		};
/* End XCBuildConfiguration section */

/* Begin XCConfigurationList section */
		941DB0A21471B32D00A96B8B /* Build configuration list for PBXProject "HReader" */ = {
			isa = XCConfigurationList;
			buildConfigurations = (
				941DB0CA1471B32D00A96B8B /* Debug */,
				941DB0CB1471B32D00A96B8B /* Release */,
				94231792147AFE2500268377 /* Ad Hoc */,
			);
			defaultConfigurationIsVisible = 0;
			defaultConfigurationName = Release;
		};
		941DB0CC1471B32D00A96B8B /* Build configuration list for PBXNativeTarget "HReader" */ = {
			isa = XCConfigurationList;
			buildConfigurations = (
				941DB0CD1471B32D00A96B8B /* Debug */,
				941DB0CE1471B32D00A96B8B /* Release */,
				94231793147AFE2500268377 /* Ad Hoc */,
			);
			defaultConfigurationIsVisible = 0;
			defaultConfigurationName = Release;
		};
/* End XCConfigurationList section */

/* Begin XCVersionGroup section */
		3BD16ED114E1B2F400F2249E /* hReader.xcdatamodeld */ = {
			isa = XCVersionGroup;
			children = (
				3BD16ED214E1B2F400F2249E /* hReader.xcdatamodel */,
			);
			currentVersion = 3BD16ED214E1B2F400F2249E /* hReader.xcdatamodel */;
			path = hReader.xcdatamodeld;
			sourceTree = "<group>";
			versionGroupType = wrapper.xcdatamodel;
		};
/* End XCVersionGroup section */
	};
	rootObject = 941DB09F1471B32D00A96B8B /* Project object */;
}
